// !$*UTF8*$!
{
	archiveVersion = 1;
	classes = {
	};
	objectVersion = 50;
	objects = {

/* Begin PBXBuildFile section */
		052D288EBFDC8675B35F1DC70DA32127 /* ContactManager.swift in Sources */ = {isa = PBXBuildFile; fileRef = 3BBAC207592DC7FF4E58848A1AE5602F /* ContactManager.swift */; };
		0848AAEF0DDCDB0BF13F1A4C14D79C71 /* PhotoDetailViewController.swift in Sources */ = {isa = PBXBuildFile; fileRef = 1FC1BC1BA0DAF6F7AF76D7D76423FF94 /* PhotoDetailViewController.swift */; };
		0C622F21EEDF27031287BA6D183310B9 /* ContactRecommandTableViewCell.swift in Sources */ = {isa = PBXBuildFile; fileRef = 64489289B8931A57BFA520F072A905EF /* ContactRecommandTableViewCell.swift */; };
		0DC161589FBE5DAA4BD8F3B2A0B528FD /* CalendarCollectionReusableView.swift in Sources */ = {isa = PBXBuildFile; fileRef = ADAF8FA45D474AE4DA936A827DE2B691 /* CalendarCollectionReusableView.swift */; };
		0F9E28EF6AE8A5EDA9B82A79B7493ABB /* BlockType.swift in Sources */ = {isa = PBXBuildFile; fileRef = DD7F7A84E872ABA79CDCAF02E8EEE356 /* BlockType.swift */; };
		105026CD53E15DCBFE85A9DDDEE27EE2 /* NoteTV_TextViewDelegate.swift in Sources */ = {isa = PBXBuildFile; fileRef = 2EDD3A75CC52A4475C15C02B93238B7F /* NoteTV_TextViewDelegate.swift */; };
		136CBB56C7497BDAE1F11B4E41548A86 /* PhotoDetailHeaderView.swift in Sources */ = {isa = PBXBuildFile; fileRef = 26CD3704B44365485027C5E63CA0B058 /* PhotoDetailHeaderView.swift */; };
		14073BBBAF7225C0B5108606401FBC68 /* NSManagedObject_Extension.swift in Sources */ = {isa = PBXBuildFile; fileRef = 2C5272458FED3E7CD7DA2E43B26D486B /* NSManagedObject_Extension.swift */; };
		1482EC3CD7BD18E983F40BDE5A6C3263 /* Photo_Extension.swift in Sources */ = {isa = PBXBuildFile; fileRef = 2471A69DEB094C929D4CDDA9C28F0CB8 /* Photo_Extension.swift */; };
		14D4903118275D1CAA3A654496AB30B2 /* ReminderCollectionViewCell.swift in Sources */ = {isa = PBXBuildFile; fileRef = CBF8EC11660663D75A1022BE5482A69D /* ReminderCollectionViewCell.swift */; };
		15F28F5549D2599045A9506BD1CD38D7 /* MainCollectionVC_Action.swift in Sources */ = {isa = PBXBuildFile; fileRef = A9CB04FAAAE18E2445431CA576292145 /* MainCollectionVC_Action.swift */; };
		1A877DD4101B0B75F01F4CDED2BEB1B0 /* CalendarTypingView.swift in Sources */ = {isa = PBXBuildFile; fileRef = 11F91D0090DD86DC0EEC7F8657EE0FDC /* CalendarTypingView.swift */; };
		1FE3E97537F9494FA60723F23B22A8C2 /* ReminderManager.swift in Sources */ = {isa = PBXBuildFile; fileRef = 71AF147E48FB884E1D58F35D80B02105 /* ReminderManager.swift */; };
		21E8ACFA7D1BC87EAE241446E6919D4D /* Preference.swift in Sources */ = {isa = PBXBuildFile; fileRef = 85EE7269669E16CE8DF879A0D90261EC /* Preference.swift */; };
		2247D0E3EAC6A853B3B6382E4AB33B82 /* Assets.xcassets in Resources */ = {isa = PBXBuildFile; fileRef = FC2B9DC4F603DA17D67A9B33EA2EF786 /* Assets.xcassets */; };
		227E0505B99C1A2E70DFC98523FF7AEB /* StoreService.swift in Sources */ = {isa = PBXBuildFile; fileRef = D7EDBB712A3719D056BE8787AFD4AA6F /* StoreService.swift */; };
		23398153517B7231949E8FC3E92B6142 /* MainCollectionVC_BottomViewDelegate.swift in Sources */ = {isa = PBXBuildFile; fileRef = BFF41BE17C163BB3EEAAFE51A6363595 /* MainCollectionVC_BottomViewDelegate.swift */; };
		2422AAF257383C26EAB25B0B47B268EB /* CalendarRecommandTableViewCell.swift in Sources */ = {isa = PBXBuildFile; fileRef = F50E939F76101E87D75A49C8B3050F5C /* CalendarRecommandTableViewCell.swift */; };
		26C6730AEBB04CC27B10D11D457A3F22 /* PhotoDetailTableViewCell.swift in Sources */ = {isa = PBXBuildFile; fileRef = 30204DBA2E4F8E182E6DCFDD0D0C71C0 /* PhotoDetailTableViewCell.swift */; };
		28A24B63AF29A5665F43CDE7B7042D63 /* PhotoRecommandCollectionViewCell.swift in Sources */ = {isa = PBXBuildFile; fileRef = 4122CEF3653A6172D530712766B8B3A7 /* PhotoRecommandCollectionViewCell.swift */; };
		292291FC48978AE22450754C2116A7F4 /* BottomView_ContactTVDelegate.swift in Sources */ = {isa = PBXBuildFile; fileRef = A43A7ECB50A222FD12DD297E26F34E70 /* BottomView_ContactTVDelegate.swift */; };
		2D1F7FB0462A746AD58FE53C2441E3E0 /* PhotoManager.swift in Sources */ = {isa = PBXBuildFile; fileRef = B468F779AAD68589A0C12232E95DA474 /* PhotoManager.swift */; };
		311A485696241F2621CDE6C36A8F495F /* LoadingView.xib in Resources */ = {isa = PBXBuildFile; fileRef = AAC49C28E6DF7CE43378FF6E1A72837E /* LoadingView.xib */; };
		33B90B843FBFC90EDF805CABD0D49DB6 /* BottomView_ReminderTVDelegate.swift in Sources */ = {isa = PBXBuildFile; fileRef = 79F8B8FAEFEF8B6E616687526E275929 /* BottomView_ReminderTVDelegate.swift */; };
		36D8BE150280FF631404DA7562E70273 /* ReminderTV_TextFieldDelegate.swift in Sources */ = {isa = PBXBuildFile; fileRef = AE803494A3BA4D3032F567E27027C2B7 /* ReminderTV_TextFieldDelegate.swift */; };
		37B93661BB397C3686ABDCC71A421204 /* BulletValue.swift in Sources */ = {isa = PBXBuildFile; fileRef = A31387A98CFB40FDEBEBF63150151EAF /* BulletValue.swift */; };
		3D71D65E918C43D67B70CFE926D74A08 /* EmailTV_TextFieldDelegate.swift in Sources */ = {isa = PBXBuildFile; fileRef = 8DF35398D75CE67A999C1AF953E5C629 /* EmailTV_TextFieldDelegate.swift */; };
		3F0467F7E62F949B208BB7F4602D394B /* NoteDetailViewController.swift in Sources */ = {isa = PBXBuildFile; fileRef = BC02138ABD92DE12E1C7765D3AB247CB /* NoteDetailViewController.swift */; };
		425116209A5D8DE0A0A0BA7F43BDAB96 /* HighlightData.swift in Sources */ = {isa = PBXBuildFile; fileRef = 3A48B20C358B44E017833D897E25CD20 /* HighlightData.swift */; };
		44FC8597B5798A1DC1B3A3EE686365CA /* View_extension.swift in Sources */ = {isa = PBXBuildFile; fileRef = 3773487C367A475A8DB66F3BD209C656 /* View_extension.swift */; };
		45D8FE24D4F8811B5A930198AA2AB953 /* EMailRecommandTableViewController.swift in Sources */ = {isa = PBXBuildFile; fileRef = A527403E0F1316358E8C27EB0FF58A46 /* EMailRecommandTableViewController.swift */; };
		4CA61BE67E3A4F257644306236236149 /* ThemeManager.swift in Sources */ = {isa = PBXBuildFile; fileRef = 4CCA6613AC92F38D1E765790B7216CAA /* ThemeManager.swift */; };
		4F9A17730D7F7D5EDF5E80AA6628BCBE /* Emo.xcdatamodeld in Sources */ = {isa = PBXBuildFile; fileRef = CDE1E686450B01BAFCD099305ADDD471 /* Emo.xcdatamodeld */; };
		54C3FAF733CF44237C543B7440649EF2 /* GrowingTextView.swift in Sources */ = {isa = PBXBuildFile; fileRef = 89BF910A321F8BFE9E5EBAEF97BC4FA8 /* GrowingTextView.swift */; };
		56424D46BFE1310A5714F5FADEE63F47 /* Contact_Extension.swift in Sources */ = {isa = PBXBuildFile; fileRef = C12EA39F1A1A908EF35C2C5CC3AFA5CF /* Contact_Extension.swift */; };
		56CCDF3572EA9242776B9D3E4639CCA3 /* ContactCollectionViewCell.swift in Sources */ = {isa = PBXBuildFile; fileRef = B7F7E8E5100D3B1446A97FF3E3F08DCA /* ContactCollectionViewCell.swift */; };
		5704FD8BF41BA5E04D8EA6069BF0D41F /* MainCollectionViewController.swift in Sources */ = {isa = PBXBuildFile; fileRef = C63613650B3DE28B46CE75864D99F17E /* MainCollectionViewController.swift */; };
		570604405425203CF4284D3D881C4D2A /* BottomView_CalendarTVDelegate.swift in Sources */ = {isa = PBXBuildFile; fileRef = C5BAC1CB376B025D0E286EAC46B2449B /* BottomView_CalendarTVDelegate.swift */; };
		57D8F4B2E0DADD88BB48AF95D44AB8A7 /* CalendarCollectionViewCell.swift in Sources */ = {isa = PBXBuildFile; fileRef = 07AC3DFB3ADEB243524248FE7C4D5F03 /* CalendarCollectionViewCell.swift */; };
		5B78CA842F60EF9215F34EA571B7D3FE /* TableViewAutoSystemProtocol.swift in Sources */ = {isa = PBXBuildFile; fileRef = BF8CDEBF8E818DEF64B5D6776B06C8BE /* TableViewAutoSystemProtocol.swift */; };
		5E816E0FB54D94F7CADB779F54933813 /* ContactTV_TextFieldDelegate.swift in Sources */ = {isa = PBXBuildFile; fileRef = 0E7DB42438890438FC55733AA7FE4243 /* ContactTV_TextFieldDelegate.swift */; };
		5F5970BBA03574A6A8000B2C33BABF3B /* LoadingView.swift in Sources */ = {isa = PBXBuildFile; fileRef = C11E13907C453A90E713E28285FED0E5 /* LoadingView.swift */; };
		60E4523AE77CBAA3D7CBFAC18B96AFA0 /* DateFormatter_extension.swift in Sources */ = {isa = PBXBuildFile; fileRef = 51DF42E787CA637979BA75A60FED0960 /* DateFormatter_extension.swift */; };
		62F5DE46FE47B8441A4856B7E9CDBA8D /* BottomView_Keyboard.swift in Sources */ = {isa = PBXBuildFile; fileRef = F29983934E73CF441103BCBE0625711B /* BottomView_Keyboard.swift */; };
		68005711738DA50C432BCF71535F53D7 /* Font_extension.swift in Sources */ = {isa = PBXBuildFile; fileRef = 03651CAA21D8E91FCE78278FAB4F75E9 /* Font_extension.swift */; };
		6866C5E537A9F1F7E171755DC7DFA302 /* BottomView_PhotoTVDelegate.swift in Sources */ = {isa = PBXBuildFile; fileRef = C04C342E8A747837E9F9F1C301984902 /* BottomView_PhotoTVDelegate.swift */; };
		6900C91E74C3329685E37884792EA9EB /* BottomView.swift in Sources */ = {isa = PBXBuildFile; fileRef = 7DEED8E5A1C28EBE9A947D1930323B93 /* BottomView.swift */; };
		717B1A63C1C97761E7FD43ECAF89415A /* NSRange_extension.swift in Sources */ = {isa = PBXBuildFile; fileRef = A7D6D881B98B96559AB1A53D0C11E299 /* NSRange_extension.swift */; };
		72E6EB8071EE0720B974B9CF68DF8F89 /* BulletKey.swift in Sources */ = {isa = PBXBuildFile; fileRef = DD3EFCAF0187EED2CA9FDEDF45FC68A4 /* BulletKey.swift */; };
		781829494729FD3F5F29CF3A0CD6F95B /* NoteCollectionViewCell.swift in Sources */ = {isa = PBXBuildFile; fileRef = DBD8AC056C9A6C26F970C3F8E314C970 /* NoteCollectionViewCell.swift */; };
		7C690BCE15742AD91A6DFED19C93DDA5 /* BottomView_EmailTVDelegate.swift in Sources */ = {isa = PBXBuildFile; fileRef = 14F1F4E23BBB37C082378F5C092E3AEE /* BottomView_EmailTVDelegate.swift */; };
		7CEC1128213416D20032E223 /* NoteDetailVC_Action.swift in Sources */ = {isa = PBXBuildFile; fileRef = 7CEC1127213416D20032E223 /* NoteDetailVC_Action.swift */; };
		7CEC112A21341D560032E223 /* DetailBottomView.swift in Sources */ = {isa = PBXBuildFile; fileRef = 7CEC112921341D560032E223 /* DetailBottomView.swift */; };
		7CEC112E21341EB90032E223 /* DetailBottomView_Keyboard.swift in Sources */ = {isa = PBXBuildFile; fileRef = 7CEC112D21341EB90032E223 /* DetailBottomView_Keyboard.swift */; };
		7CEFFF04213432BC0001F2E6 /* NoteDetailVC_DetailBottomViewDelegate.swift in Sources */ = {isa = PBXBuildFile; fileRef = 7CEFFF03213432BC0001F2E6 /* NoteDetailVC_DetailBottomViewDelegate.swift */; };
		7D6278233CA01DBBE8F86D6C55C18936 /* BottomView_NoteTVDelegate.swift in Sources */ = {isa = PBXBuildFile; fileRef = 101F922062C3B84CC2EF9FF638252CE4 /* BottomView_NoteTVDelegate.swift */; };
		85C5E978B088D777CEFFD61B5B2D60FD /* iOS.swift in Sources */ = {isa = PBXBuildFile; fileRef = E35011B421A261853BC56EA515393EC0 /* iOS.swift */; };
		94B20B95247422C4F5875571409CBFA2 /* MainCollectionVC_ScrollViewDelegate.swift in Sources */ = {isa = PBXBuildFile; fileRef = 46150393319B4DEB23C2111497ACDFAB /* MainCollectionVC_ScrollViewDelegate.swift */; };
		9A09EF180199A5208A4286AFB438CEDA /* LaunchScreen.storyboard in Resources */ = {isa = PBXBuildFile; fileRef = 309D050B523DE66E1EF8FFD541330B98 /* LaunchScreen.storyboard */; };
		9A85D68EE441E6943D596BF5550324C3 /* Photo_TextFieldDelegate.swift in Sources */ = {isa = PBXBuildFile; fileRef = 5884B662C76ABEC3E601268DA53A36C9 /* Photo_TextFieldDelegate.swift */; };
		9D89D20E5990816A82030846C9167DDF /* Main.storyboard in Resources */ = {isa = PBXBuildFile; fileRef = 8155EF4BE7AAE5948C1B98B54456C9A2 /* Main.storyboard */; };
		9EE8074E8B036748A086C3C6B4603106 /* NotificationView.xib in Resources */ = {isa = PBXBuildFile; fileRef = 7907FABB81235CCB3D804F39B38808BB /* NotificationView.xib */; };
		9F828DE084F92F5F3A7AD3C7F5DB5DB2 /* Color_extension.swift in Sources */ = {isa = PBXBuildFile; fileRef = A9B4A0C8857C728C508C251C61C24DC9 /* Color_extension.swift */; };
		AE53A201AAC812FE80C669E560312ED8 /* MainCollectionVC_CollectionViewDelegateFlowLayout.swift in Sources */ = {isa = PBXBuildFile; fileRef = 561E07B554D5AD19CF2C486B27A55652 /* MainCollectionVC_CollectionViewDelegateFlowLayout.swift */; };
		B583CF596B1268306E3B4EF91A6519BD /* BottomView_ContextViewDelegate.swift in Sources */ = {isa = PBXBuildFile; fileRef = 153A45464A56F63959BE059339F307A7 /* BottomView_ContextViewDelegate.swift */; };
		BEAA699E6E9BA261DE5F6F50A09A61AD /* ReminderRecommandTableViewController.swift in Sources */ = {isa = PBXBuildFile; fileRef = 33FD60FF02C09C32D1164AC64ED2C3E2 /* ReminderRecommandTableViewController.swift */; };
		BECF23FE1F841D595036B2CD19A8C606 /* BottomViewTests.swift in Sources */ = {isa = PBXBuildFile; fileRef = 6EB2712B01A4D0B45339CD6BEEC8EAC1 /* BottomViewTests.swift */; };
		C2B8D816C9352CE2F26797736CF57F0A /* Detection.swift in Sources */ = {isa = PBXBuildFile; fileRef = 25960829C9F7A92F71CBD06D9A9830EE /* Detection.swift */; };
		C9FB6C8CE6FEA1CAE677C3A7C3AB4368 /* Email_Extension.swift in Sources */ = {isa = PBXBuildFile; fileRef = 58F6E928B154227350142320FEAE5206 /* Email_Extension.swift */; };
		CDF4F997DC67AA35618909F521A36FFB /* PhotoRecommandCollectionViewController.swift in Sources */ = {isa = PBXBuildFile; fileRef = CC1BFFDA5A93D3671E034BADBEFD4987 /* PhotoRecommandCollectionViewController.swift */; };
		D00BAE30298D0C4FDF3D0A9EA99CAC4A /* PianoTextView.swift in Sources */ = {isa = PBXBuildFile; fileRef = D2E3F48558FC863BB345A8566076F8BD /* PianoTextView.swift */; };
		D03981E773CFD36C2741E1C15598810E /* MainCollectionVC_CollectionViewDataSource.swift in Sources */ = {isa = PBXBuildFile; fileRef = 7274918C101E745C6DB989A65880FC76 /* MainCollectionVC_CollectionViewDataSource.swift */; };
		D32AAAFA7D91C789D04FBEC0CF524B8A /* CalendarManager.swift in Sources */ = {isa = PBXBuildFile; fileRef = 5AA82523DB02124F561CCCEDB13D4012 /* CalendarManager.swift */; };
		D3946496D3976DD501B118F8D8A90587 /* UnicodeScalar_extension.swift in Sources */ = {isa = PBXBuildFile; fileRef = C4197A62CE2ABF8E4C0B04343820A981 /* UnicodeScalar_extension.swift */; };
		D445797E68F0EC1FE56E0B14B4994993 /* EmailTypingView.swift in Sources */ = {isa = PBXBuildFile; fileRef = 32F99C3F8398D2614CA78F0911420E75 /* EmailTypingView.swift */; };
		D57B1E5CA74F39152C8C315700CA8099 /* Note_Extension.swift in Sources */ = {isa = PBXBuildFile; fileRef = 3FA07FE29F1DF543AE3A5F4743120BD8 /* Note_Extension.swift */; };
		D59E548394CA528DEB3B7ED89376C5AD /* ReminderTypingView.swift in Sources */ = {isa = PBXBuildFile; fileRef = 2A07AE8766BBD88B8AE6136228E65D58 /* ReminderTypingView.swift */; };
		DAE5F941C3769C1E81F92105B3771FA1 /* NotificationView.swift in Sources */ = {isa = PBXBuildFile; fileRef = 9FAD6A6DC17FBBDAC15170D9926007DF /* NotificationView.swift */; };
		DC72154D957C38767A0675985635F7A1 /* EmailRecommandTableViewCell.swift in Sources */ = {isa = PBXBuildFile; fileRef = 409BDD85BE33DAD86987F1300F3DD6B6 /* EmailRecommandTableViewCell.swift */; };
		DC7C3499EC7013DBAFFD2ECA5B728E82 /* AppDelegate.swift in Sources */ = {isa = PBXBuildFile; fileRef = A136D798788A863B74AD713B4C81D5C5 /* AppDelegate.swift */; };
		E006FBAC16C23D88BE8AC2BFEE932F38 /* ContactRecommandTableViewController.swift in Sources */ = {isa = PBXBuildFile; fileRef = A5FAC6EC17C5C2938CF1A29344A72B60 /* ContactRecommandTableViewController.swift */; };
		E1553066DC4A8948B5E9CB03D2EF53C6 /* Calendar_Extension.swift in Sources */ = {isa = PBXBuildFile; fileRef = 3CF0C655C2F9ADA527D9368803F3888D /* Calendar_Extension.swift */; };
		E1D9368EEED886EFA3E2615952267423 /* ContactTypingView.swift in Sources */ = {isa = PBXBuildFile; fileRef = E6467BAC1A3158FAC826F6A6D184F6A6 /* ContactTypingView.swift */; };
		E64021C5C1CA70CA1AAF3116D1400BD9 /* ReminderRecommandTableViewCell.swift in Sources */ = {isa = PBXBuildFile; fileRef = 3FED182C270FD9BDE63A97B610148C1F /* ReminderRecommandTableViewCell.swift */; };
		E879896B48506C702A9393464E9E6FBB /* Reminder_Extension.swift in Sources */ = {isa = PBXBuildFile; fileRef = AE2FD6D531FC3F4D755EB10CD8283CAD /* Reminder_Extension.swift */; };
		EC152687704B43F9B7F6640CC29F9F37 /* NoteTypingView.swift in Sources */ = {isa = PBXBuildFile; fileRef = FAE79958AB85DD9223DC7A49B18B6ACD /* NoteTypingView.swift */; };
		EDA9C90074010043C46ADB921BEA1431 /* PhotoCollectionViewCell.swift in Sources */ = {isa = PBXBuildFile; fileRef = A88B9D6ED903EF6BBDC8069D10BEEF73 /* PhotoCollectionViewCell.swift */; };
		F0AF5597B062017A954F80A82289D14C /* UINavigationController_extension.swift in Sources */ = {isa = PBXBuildFile; fileRef = B6B7C07906D0EBA85FEF289037A5C02A /* UINavigationController_extension.swift */; };
		F51AFCAF70500FF8B1E3E8BA66742AD9 /* String_extension.swift in Sources */ = {isa = PBXBuildFile; fileRef = 23B897AAE2AFB8FAE704FD37BFE1D4EE /* String_extension.swift */; };
		F71EA39BB30C48348C39352875F95035 /* CalendarRecommandTableViewController.swift in Sources */ = {isa = PBXBuildFile; fileRef = 516C5216F425914F4760FE7F1275259E /* CalendarRecommandTableViewController.swift */; };
		FC553641D84BCFB65AE6642AD2D6524F /* Bullet_UITextView_Extension.swift in Sources */ = {isa = PBXBuildFile; fileRef = 656A3B13737914A1C1BCC249B7F83A04 /* Bullet_UITextView_Extension.swift */; };
		FCCAB6583AB935EEF0EA95ABA88AC0B7 /* CalendarTV_TextFieldDelegate.swift in Sources */ = {isa = PBXBuildFile; fileRef = 2D44CB73ABD2A9E2E7BBDC4C7A855F60 /* CalendarTV_TextFieldDelegate.swift */; };
		FCF2EEC7CD3A3BDA6596D0058B3B3E6D /* NSPersistentContainer_extension.swift in Sources */ = {isa = PBXBuildFile; fileRef = 0D112529D22A5FA64061D28D1961EF2F /* NSPersistentContainer_extension.swift */; };
		FDF02B55E2B620B67CAE9FDEB62137EB /* ContextView.swift in Sources */ = {isa = PBXBuildFile; fileRef = 30EF65E24D1A693C6FBE4F4E1A83B518 /* ContextView.swift */; };
		FE047B273BC7870E39F19E68F23654AF /* PhotoTypingView.swift in Sources */ = {isa = PBXBuildFile; fileRef = A7C158FAFB35A339BA55DB2DFDBD3212 /* PhotoTypingView.swift */; };
		FF43CFD00C49CCA57C6625D2876D7E8B /* MainCollectionVC_CollectionViewDelegate.swift in Sources */ = {isa = PBXBuildFile; fileRef = 07D7488DDE0CA5198C9270C6C7A33FD4 /* MainCollectionVC_CollectionViewDelegate.swift */; };
/* End PBXBuildFile section */

/* Begin PBXContainerItemProxy section */
		5C2F2821B5A28E40F4AA6795145D4876 /* PBXContainerItemProxy */ = {
			isa = PBXContainerItemProxy;
			containerPortal = 80E9A0265AC1DCC096E39FD22DD1A9D1 /* Project object */;
			proxyType = 1;
			remoteGlobalIDString = 01A51839F3C9E75118429E853EC91F35;
			remoteInfo = Emo;
		};
/* End PBXContainerItemProxy section */

/* Begin PBXFileReference section */
		03651CAA21D8E91FCE78278FAB4F75E9 /* Font_extension.swift */ = {isa = PBXFileReference; fileEncoding = 4; lastKnownFileType = sourcecode.swift; path = Font_extension.swift; sourceTree = "<group>"; };
		07AC3DFB3ADEB243524248FE7C4D5F03 /* CalendarCollectionViewCell.swift */ = {isa = PBXFileReference; fileEncoding = 4; lastKnownFileType = sourcecode.swift; path = CalendarCollectionViewCell.swift; sourceTree = "<group>"; };
		07D7488DDE0CA5198C9270C6C7A33FD4 /* MainCollectionVC_CollectionViewDelegate.swift */ = {isa = PBXFileReference; fileEncoding = 4; lastKnownFileType = sourcecode.swift; path = MainCollectionVC_CollectionViewDelegate.swift; sourceTree = "<group>"; };
		0D112529D22A5FA64061D28D1961EF2F /* NSPersistentContainer_extension.swift */ = {isa = PBXFileReference; fileEncoding = 4; lastKnownFileType = sourcecode.swift; path = NSPersistentContainer_extension.swift; sourceTree = "<group>"; };
		0DC1FAB700384EE595522C290F6AAC6F /* Base */ = {isa = PBXFileReference; lastKnownFileType = file.storyboard; name = Base; path = Base.lproj/Main.storyboard; sourceTree = "<group>"; };
		0E7DB42438890438FC55733AA7FE4243 /* ContactTV_TextFieldDelegate.swift */ = {isa = PBXFileReference; lastKnownFileType = sourcecode.swift; path = ContactTV_TextFieldDelegate.swift; sourceTree = "<group>"; };
		101F922062C3B84CC2EF9FF638252CE4 /* BottomView_NoteTVDelegate.swift */ = {isa = PBXFileReference; lastKnownFileType = sourcecode.swift; path = BottomView_NoteTVDelegate.swift; sourceTree = "<group>"; };
		11F91D0090DD86DC0EEC7F8657EE0FDC /* CalendarTypingView.swift */ = {isa = PBXFileReference; lastKnownFileType = sourcecode.swift; path = CalendarTypingView.swift; sourceTree = "<group>"; };
		14F1F4E23BBB37C082378F5C092E3AEE /* BottomView_EmailTVDelegate.swift */ = {isa = PBXFileReference; lastKnownFileType = sourcecode.swift; path = BottomView_EmailTVDelegate.swift; sourceTree = "<group>"; };
		153A45464A56F63959BE059339F307A7 /* BottomView_ContextViewDelegate.swift */ = {isa = PBXFileReference; lastKnownFileType = sourcecode.swift; path = BottomView_ContextViewDelegate.swift; sourceTree = "<group>"; };
		1FC1BC1BA0DAF6F7AF76D7D76423FF94 /* PhotoDetailViewController.swift */ = {isa = PBXFileReference; lastKnownFileType = sourcecode.swift; path = PhotoDetailViewController.swift; sourceTree = "<group>"; };
		23B897AAE2AFB8FAE704FD37BFE1D4EE /* String_extension.swift */ = {isa = PBXFileReference; fileEncoding = 4; lastKnownFileType = sourcecode.swift; path = String_extension.swift; sourceTree = "<group>"; };
		2471A69DEB094C929D4CDDA9C28F0CB8 /* Photo_Extension.swift */ = {isa = PBXFileReference; lastKnownFileType = sourcecode.swift; path = Photo_Extension.swift; sourceTree = "<group>"; };
		25960829C9F7A92F71CBD06D9A9830EE /* Detection.swift */ = {isa = PBXFileReference; fileEncoding = 4; lastKnownFileType = sourcecode.swift; path = Detection.swift; sourceTree = "<group>"; };
		26CD3704B44365485027C5E63CA0B058 /* PhotoDetailHeaderView.swift */ = {isa = PBXFileReference; lastKnownFileType = sourcecode.swift; path = PhotoDetailHeaderView.swift; sourceTree = "<group>"; };
		299DD96092ACDBBC9D94FF8CA0890A97 /* Piano.xcdatamodel */ = {isa = PBXFileReference; lastKnownFileType = wrapper.xcdatamodel; path = Piano.xcdatamodel; sourceTree = "<group>"; };
		2A07AE8766BBD88B8AE6136228E65D58 /* ReminderTypingView.swift */ = {isa = PBXFileReference; lastKnownFileType = sourcecode.swift; path = ReminderTypingView.swift; sourceTree = "<group>"; };
		2C5272458FED3E7CD7DA2E43B26D486B /* NSManagedObject_Extension.swift */ = {isa = PBXFileReference; lastKnownFileType = sourcecode.swift; path = NSManagedObject_Extension.swift; sourceTree = "<group>"; };
		2D44CB73ABD2A9E2E7BBDC4C7A855F60 /* CalendarTV_TextFieldDelegate.swift */ = {isa = PBXFileReference; lastKnownFileType = sourcecode.swift; path = CalendarTV_TextFieldDelegate.swift; sourceTree = "<group>"; };
		2EDD3A75CC52A4475C15C02B93238B7F /* NoteTV_TextViewDelegate.swift */ = {isa = PBXFileReference; lastKnownFileType = sourcecode.swift; path = NoteTV_TextViewDelegate.swift; sourceTree = "<group>"; };
		30204DBA2E4F8E182E6DCFDD0D0C71C0 /* PhotoDetailTableViewCell.swift */ = {isa = PBXFileReference; lastKnownFileType = sourcecode.swift; path = PhotoDetailTableViewCell.swift; sourceTree = "<group>"; };
		309D050B523DE66E1EF8FFD541330B98 /* LaunchScreen.storyboard */ = {isa = PBXFileReference; lastKnownFileType = file.storyboard; path = LaunchScreen.storyboard; sourceTree = "<group>"; };
		30EF65E24D1A693C6FBE4F4E1A83B518 /* ContextView.swift */ = {isa = PBXFileReference; lastKnownFileType = sourcecode.swift; path = ContextView.swift; sourceTree = "<group>"; };
		32F99C3F8398D2614CA78F0911420E75 /* EmailTypingView.swift */ = {isa = PBXFileReference; lastKnownFileType = sourcecode.swift; path = EmailTypingView.swift; sourceTree = "<group>"; };
		33FD60FF02C09C32D1164AC64ED2C3E2 /* ReminderRecommandTableViewController.swift */ = {isa = PBXFileReference; lastKnownFileType = sourcecode.swift; path = ReminderRecommandTableViewController.swift; sourceTree = "<group>"; };
		3773487C367A475A8DB66F3BD209C656 /* View_extension.swift */ = {isa = PBXFileReference; fileEncoding = 4; lastKnownFileType = sourcecode.swift; path = View_extension.swift; sourceTree = "<group>"; };
		3A48B20C358B44E017833D897E25CD20 /* HighlightData.swift */ = {isa = PBXFileReference; fileEncoding = 4; lastKnownFileType = sourcecode.swift; path = HighlightData.swift; sourceTree = "<group>"; };
		3BBAC207592DC7FF4E58848A1AE5602F /* ContactManager.swift */ = {isa = PBXFileReference; fileEncoding = 4; lastKnownFileType = sourcecode.swift; path = ContactManager.swift; sourceTree = "<group>"; };
		3CF0C655C2F9ADA527D9368803F3888D /* Calendar_Extension.swift */ = {isa = PBXFileReference; lastKnownFileType = sourcecode.swift; path = Calendar_Extension.swift; sourceTree = "<group>"; };
		3D7DA3D2D8F77187F49B83A7C2568CDA /* EmoTests.xctest */ = {isa = PBXFileReference; explicitFileType = wrapper.cfbundle; includeInIndex = 0; path = EmoTests.xctest; sourceTree = BUILT_PRODUCTS_DIR; };
		3FA07FE29F1DF543AE3A5F4743120BD8 /* Note_Extension.swift */ = {isa = PBXFileReference; lastKnownFileType = sourcecode.swift; path = Note_Extension.swift; sourceTree = "<group>"; };
		3FED182C270FD9BDE63A97B610148C1F /* ReminderRecommandTableViewCell.swift */ = {isa = PBXFileReference; lastKnownFileType = sourcecode.swift; path = ReminderRecommandTableViewCell.swift; sourceTree = "<group>"; };
		409BDD85BE33DAD86987F1300F3DD6B6 /* EmailRecommandTableViewCell.swift */ = {isa = PBXFileReference; lastKnownFileType = sourcecode.swift; path = EmailRecommandTableViewCell.swift; sourceTree = "<group>"; };
		4122CEF3653A6172D530712766B8B3A7 /* PhotoRecommandCollectionViewCell.swift */ = {isa = PBXFileReference; lastKnownFileType = sourcecode.swift; path = PhotoRecommandCollectionViewCell.swift; sourceTree = "<group>"; };
		46150393319B4DEB23C2111497ACDFAB /* MainCollectionVC_ScrollViewDelegate.swift */ = {isa = PBXFileReference; lastKnownFileType = sourcecode.swift; path = MainCollectionVC_ScrollViewDelegate.swift; sourceTree = "<group>"; };
		4CCA6613AC92F38D1E765790B7216CAA /* ThemeManager.swift */ = {isa = PBXFileReference; fileEncoding = 4; lastKnownFileType = sourcecode.swift; path = ThemeManager.swift; sourceTree = "<group>"; };
		516C5216F425914F4760FE7F1275259E /* CalendarRecommandTableViewController.swift */ = {isa = PBXFileReference; lastKnownFileType = sourcecode.swift; path = CalendarRecommandTableViewController.swift; sourceTree = "<group>"; };
		51DF42E787CA637979BA75A60FED0960 /* DateFormatter_extension.swift */ = {isa = PBXFileReference; fileEncoding = 4; lastKnownFileType = sourcecode.swift; path = DateFormatter_extension.swift; sourceTree = "<group>"; };
		561E07B554D5AD19CF2C486B27A55652 /* MainCollectionVC_CollectionViewDelegateFlowLayout.swift */ = {isa = PBXFileReference; lastKnownFileType = sourcecode.swift; path = MainCollectionVC_CollectionViewDelegateFlowLayout.swift; sourceTree = "<group>"; };
		5884B662C76ABEC3E601268DA53A36C9 /* Photo_TextFieldDelegate.swift */ = {isa = PBXFileReference; lastKnownFileType = sourcecode.swift; path = Photo_TextFieldDelegate.swift; sourceTree = "<group>"; };
		58F6E928B154227350142320FEAE5206 /* Email_Extension.swift */ = {isa = PBXFileReference; lastKnownFileType = sourcecode.swift; path = Email_Extension.swift; sourceTree = "<group>"; };
		5AA82523DB02124F561CCCEDB13D4012 /* CalendarManager.swift */ = {isa = PBXFileReference; fileEncoding = 4; lastKnownFileType = sourcecode.swift; path = CalendarManager.swift; sourceTree = "<group>"; };
		64489289B8931A57BFA520F072A905EF /* ContactRecommandTableViewCell.swift */ = {isa = PBXFileReference; lastKnownFileType = sourcecode.swift; path = ContactRecommandTableViewCell.swift; sourceTree = "<group>"; };
		656A3B13737914A1C1BCC249B7F83A04 /* Bullet_UITextView_Extension.swift */ = {isa = PBXFileReference; fileEncoding = 4; lastKnownFileType = sourcecode.swift; path = Bullet_UITextView_Extension.swift; sourceTree = "<group>"; };
		6EB2712B01A4D0B45339CD6BEEC8EAC1 /* BottomViewTests.swift */ = {isa = PBXFileReference; lastKnownFileType = sourcecode.swift; path = BottomViewTests.swift; sourceTree = "<group>"; };
		71AF147E48FB884E1D58F35D80B02105 /* ReminderManager.swift */ = {isa = PBXFileReference; fileEncoding = 4; lastKnownFileType = sourcecode.swift; path = ReminderManager.swift; sourceTree = "<group>"; };
		7274918C101E745C6DB989A65880FC76 /* MainCollectionVC_CollectionViewDataSource.swift */ = {isa = PBXFileReference; fileEncoding = 4; lastKnownFileType = sourcecode.swift; path = MainCollectionVC_CollectionViewDataSource.swift; sourceTree = "<group>"; };
		7907FABB81235CCB3D804F39B38808BB /* NotificationView.xib */ = {isa = PBXFileReference; fileEncoding = 4; lastKnownFileType = file.xib; path = NotificationView.xib; sourceTree = "<group>"; };
		79F8B8FAEFEF8B6E616687526E275929 /* BottomView_ReminderTVDelegate.swift */ = {isa = PBXFileReference; lastKnownFileType = sourcecode.swift; path = BottomView_ReminderTVDelegate.swift; sourceTree = "<group>"; };
		7CEC1127213416D20032E223 /* NoteDetailVC_Action.swift */ = {isa = PBXFileReference; lastKnownFileType = sourcecode.swift; path = NoteDetailVC_Action.swift; sourceTree = "<group>"; };
		7CEC112921341D560032E223 /* DetailBottomView.swift */ = {isa = PBXFileReference; lastKnownFileType = sourcecode.swift; path = DetailBottomView.swift; sourceTree = "<group>"; };
		7CEC112D21341EB90032E223 /* DetailBottomView_Keyboard.swift */ = {isa = PBXFileReference; lastKnownFileType = sourcecode.swift; path = DetailBottomView_Keyboard.swift; sourceTree = "<group>"; };
		7CEFFF03213432BC0001F2E6 /* NoteDetailVC_DetailBottomViewDelegate.swift */ = {isa = PBXFileReference; lastKnownFileType = sourcecode.swift; path = NoteDetailVC_DetailBottomViewDelegate.swift; sourceTree = "<group>"; };
		7DEED8E5A1C28EBE9A947D1930323B93 /* BottomView.swift */ = {isa = PBXFileReference; fileEncoding = 4; lastKnownFileType = sourcecode.swift; path = BottomView.swift; sourceTree = "<group>"; };
		85EE7269669E16CE8DF879A0D90261EC /* Preference.swift */ = {isa = PBXFileReference; lastKnownFileType = sourcecode.swift; path = Preference.swift; sourceTree = "<group>"; };
		89BF910A321F8BFE9E5EBAEF97BC4FA8 /* GrowingTextView.swift */ = {isa = PBXFileReference; fileEncoding = 4; lastKnownFileType = sourcecode.swift; path = GrowingTextView.swift; sourceTree = "<group>"; };
		8DF35398D75CE67A999C1AF953E5C629 /* EmailTV_TextFieldDelegate.swift */ = {isa = PBXFileReference; lastKnownFileType = sourcecode.swift; path = EmailTV_TextFieldDelegate.swift; sourceTree = "<group>"; };
		9FAD6A6DC17FBBDAC15170D9926007DF /* NotificationView.swift */ = {isa = PBXFileReference; fileEncoding = 4; lastKnownFileType = sourcecode.swift; path = NotificationView.swift; sourceTree = "<group>"; };
		A136D798788A863B74AD713B4C81D5C5 /* AppDelegate.swift */ = {isa = PBXFileReference; fileEncoding = 4; lastKnownFileType = sourcecode.swift; path = AppDelegate.swift; sourceTree = "<group>"; };
		A31387A98CFB40FDEBEBF63150151EAF /* BulletValue.swift */ = {isa = PBXFileReference; lastKnownFileType = sourcecode.swift; path = BulletValue.swift; sourceTree = "<group>"; };
		A3A0BCFA927EFB11B32019F67C18491E /* Info.plist */ = {isa = PBXFileReference; lastKnownFileType = text.plist.xml; path = Info.plist; sourceTree = "<group>"; };
		A43A7ECB50A222FD12DD297E26F34E70 /* BottomView_ContactTVDelegate.swift */ = {isa = PBXFileReference; lastKnownFileType = sourcecode.swift; path = BottomView_ContactTVDelegate.swift; sourceTree = "<group>"; };
		A527403E0F1316358E8C27EB0FF58A46 /* EMailRecommandTableViewController.swift */ = {isa = PBXFileReference; lastKnownFileType = sourcecode.swift; path = EMailRecommandTableViewController.swift; sourceTree = "<group>"; };
		A5FAC6EC17C5C2938CF1A29344A72B60 /* ContactRecommandTableViewController.swift */ = {isa = PBXFileReference; lastKnownFileType = sourcecode.swift; path = ContactRecommandTableViewController.swift; sourceTree = "<group>"; };
		A7C158FAFB35A339BA55DB2DFDBD3212 /* PhotoTypingView.swift */ = {isa = PBXFileReference; lastKnownFileType = sourcecode.swift; path = PhotoTypingView.swift; sourceTree = "<group>"; };
		A7D6D881B98B96559AB1A53D0C11E299 /* NSRange_extension.swift */ = {isa = PBXFileReference; fileEncoding = 4; lastKnownFileType = sourcecode.swift; path = NSRange_extension.swift; sourceTree = "<group>"; };
		A88B9D6ED903EF6BBDC8069D10BEEF73 /* PhotoCollectionViewCell.swift */ = {isa = PBXFileReference; fileEncoding = 4; lastKnownFileType = sourcecode.swift; path = PhotoCollectionViewCell.swift; sourceTree = "<group>"; };
		A9B4A0C8857C728C508C251C61C24DC9 /* Color_extension.swift */ = {isa = PBXFileReference; fileEncoding = 4; lastKnownFileType = sourcecode.swift; path = Color_extension.swift; sourceTree = "<group>"; };
		A9CB04FAAAE18E2445431CA576292145 /* MainCollectionVC_Action.swift */ = {isa = PBXFileReference; fileEncoding = 4; lastKnownFileType = sourcecode.swift; path = MainCollectionVC_Action.swift; sourceTree = "<group>"; };
		AAC49C28E6DF7CE43378FF6E1A72837E /* LoadingView.xib */ = {isa = PBXFileReference; fileEncoding = 4; lastKnownFileType = file.xib; path = LoadingView.xib; sourceTree = "<group>"; };
		ADAF8FA45D474AE4DA936A827DE2B691 /* CalendarCollectionReusableView.swift */ = {isa = PBXFileReference; lastKnownFileType = sourcecode.swift; path = CalendarCollectionReusableView.swift; sourceTree = "<group>"; };
		AE2FD6D531FC3F4D755EB10CD8283CAD /* Reminder_Extension.swift */ = {isa = PBXFileReference; lastKnownFileType = sourcecode.swift; path = Reminder_Extension.swift; sourceTree = "<group>"; };
		AE803494A3BA4D3032F567E27027C2B7 /* ReminderTV_TextFieldDelegate.swift */ = {isa = PBXFileReference; lastKnownFileType = sourcecode.swift; path = ReminderTV_TextFieldDelegate.swift; sourceTree = "<group>"; };
		B468F779AAD68589A0C12232E95DA474 /* PhotoManager.swift */ = {isa = PBXFileReference; fileEncoding = 4; lastKnownFileType = sourcecode.swift; path = PhotoManager.swift; sourceTree = "<group>"; };
		B6B7C07906D0EBA85FEF289037A5C02A /* UINavigationController_extension.swift */ = {isa = PBXFileReference; fileEncoding = 4; lastKnownFileType = sourcecode.swift; path = UINavigationController_extension.swift; sourceTree = "<group>"; };
		B7F7E8E5100D3B1446A97FF3E3F08DCA /* ContactCollectionViewCell.swift */ = {isa = PBXFileReference; fileEncoding = 4; lastKnownFileType = sourcecode.swift; path = ContactCollectionViewCell.swift; sourceTree = "<group>"; };
		BBF264436038859C83DB7495CD82B695 /* Info.plist */ = {isa = PBXFileReference; fileEncoding = 4; lastKnownFileType = text.plist.xml; path = Info.plist; sourceTree = "<group>"; };
		BC02138ABD92DE12E1C7765D3AB247CB /* NoteDetailViewController.swift */ = {isa = PBXFileReference; fileEncoding = 4; lastKnownFileType = sourcecode.swift; path = NoteDetailViewController.swift; sourceTree = "<group>"; };
		BF8CDEBF8E818DEF64B5D6776B06C8BE /* TableViewAutoSystemProtocol.swift */ = {isa = PBXFileReference; fileEncoding = 4; lastKnownFileType = sourcecode.swift; path = TableViewAutoSystemProtocol.swift; sourceTree = "<group>"; };
		BFF41BE17C163BB3EEAAFE51A6363595 /* MainCollectionVC_BottomViewDelegate.swift */ = {isa = PBXFileReference; lastKnownFileType = sourcecode.swift; path = MainCollectionVC_BottomViewDelegate.swift; sourceTree = "<group>"; };
		C04C342E8A747837E9F9F1C301984902 /* BottomView_PhotoTVDelegate.swift */ = {isa = PBXFileReference; lastKnownFileType = sourcecode.swift; path = BottomView_PhotoTVDelegate.swift; sourceTree = "<group>"; };
		C11E13907C453A90E713E28285FED0E5 /* LoadingView.swift */ = {isa = PBXFileReference; fileEncoding = 4; lastKnownFileType = sourcecode.swift; path = LoadingView.swift; sourceTree = "<group>"; };
		C12EA39F1A1A908EF35C2C5CC3AFA5CF /* Contact_Extension.swift */ = {isa = PBXFileReference; lastKnownFileType = sourcecode.swift; path = Contact_Extension.swift; sourceTree = "<group>"; };
		C4197A62CE2ABF8E4C0B04343820A981 /* UnicodeScalar_extension.swift */ = {isa = PBXFileReference; fileEncoding = 4; lastKnownFileType = sourcecode.swift; path = UnicodeScalar_extension.swift; sourceTree = "<group>"; };
		C5BAC1CB376B025D0E286EAC46B2449B /* BottomView_CalendarTVDelegate.swift */ = {isa = PBXFileReference; lastKnownFileType = sourcecode.swift; path = BottomView_CalendarTVDelegate.swift; sourceTree = "<group>"; };
		C63613650B3DE28B46CE75864D99F17E /* MainCollectionViewController.swift */ = {isa = PBXFileReference; fileEncoding = 4; lastKnownFileType = sourcecode.swift; path = MainCollectionViewController.swift; sourceTree = "<group>"; };
		CBF8EC11660663D75A1022BE5482A69D /* ReminderCollectionViewCell.swift */ = {isa = PBXFileReference; fileEncoding = 4; lastKnownFileType = sourcecode.swift; path = ReminderCollectionViewCell.swift; sourceTree = "<group>"; };
		CC1BFFDA5A93D3671E034BADBEFD4987 /* PhotoRecommandCollectionViewController.swift */ = {isa = PBXFileReference; lastKnownFileType = sourcecode.swift; path = PhotoRecommandCollectionViewController.swift; sourceTree = "<group>"; };
		D2E3F48558FC863BB345A8566076F8BD /* PianoTextView.swift */ = {isa = PBXFileReference; fileEncoding = 4; lastKnownFileType = sourcecode.swift; path = PianoTextView.swift; sourceTree = "<group>"; };
		D7EDBB712A3719D056BE8787AFD4AA6F /* StoreService.swift */ = {isa = PBXFileReference; fileEncoding = 4; lastKnownFileType = sourcecode.swift; path = StoreService.swift; sourceTree = "<group>"; };
		DBD8AC056C9A6C26F970C3F8E314C970 /* NoteCollectionViewCell.swift */ = {isa = PBXFileReference; fileEncoding = 4; lastKnownFileType = sourcecode.swift; path = NoteCollectionViewCell.swift; sourceTree = "<group>"; };
		DD3EFCAF0187EED2CA9FDEDF45FC68A4 /* BulletKey.swift */ = {isa = PBXFileReference; lastKnownFileType = sourcecode.swift; path = BulletKey.swift; sourceTree = "<group>"; };
		DD7F7A84E872ABA79CDCAF02E8EEE356 /* BlockType.swift */ = {isa = PBXFileReference; fileEncoding = 4; lastKnownFileType = sourcecode.swift; path = BlockType.swift; sourceTree = "<group>"; };
		E35011B421A261853BC56EA515393EC0 /* iOS.swift */ = {isa = PBXFileReference; fileEncoding = 4; lastKnownFileType = sourcecode.swift; path = iOS.swift; sourceTree = "<group>"; };
		E6467BAC1A3158FAC826F6A6D184F6A6 /* ContactTypingView.swift */ = {isa = PBXFileReference; lastKnownFileType = sourcecode.swift; path = ContactTypingView.swift; sourceTree = "<group>"; };
		ED1DC83147EB5473B7B48E1BC73C6A7E /* Emo.app */ = {isa = PBXFileReference; explicitFileType = wrapper.application; includeInIndex = 0; path = Emo.app; sourceTree = BUILT_PRODUCTS_DIR; };
		F29983934E73CF441103BCBE0625711B /* BottomView_Keyboard.swift */ = {isa = PBXFileReference; fileEncoding = 4; lastKnownFileType = sourcecode.swift; path = BottomView_Keyboard.swift; sourceTree = "<group>"; };
		F50E939F76101E87D75A49C8B3050F5C /* CalendarRecommandTableViewCell.swift */ = {isa = PBXFileReference; lastKnownFileType = sourcecode.swift; path = CalendarRecommandTableViewCell.swift; sourceTree = "<group>"; };
		FAE79958AB85DD9223DC7A49B18B6ACD /* NoteTypingView.swift */ = {isa = PBXFileReference; lastKnownFileType = sourcecode.swift; path = NoteTypingView.swift; sourceTree = "<group>"; };
		FC2B9DC4F603DA17D67A9B33EA2EF786 /* Assets.xcassets */ = {isa = PBXFileReference; lastKnownFileType = folder.assetcatalog; path = Assets.xcassets; sourceTree = "<group>"; };
/* End PBXFileReference section */

/* Begin PBXFrameworksBuildPhase section */
		08062DB55CEA054172F5B90B612BEFB8 /* Frameworks */ = {
			isa = PBXFrameworksBuildPhase;
			buildActionMask = 2147483647;
			files = (
			);
			runOnlyForDeploymentPostprocessing = 0;
		};
		F728DA086102FE0C7F5FF3C5EAB606AF /* Frameworks */ = {
			isa = PBXFrameworksBuildPhase;
			buildActionMask = 2147483647;
			files = (
			);
			runOnlyForDeploymentPostprocessing = 0;
		};
/* End PBXFrameworksBuildPhase section */

/* Begin PBXGroup section */
		17EFBF8A279C822531AC15C5600DDF87 = {
			isa = PBXGroup;
			children = (
				26DAA4990B2E7895574A08B73B1703E7 /* Emo */,
				FF40696C95F3BB7D6E6DA4B1D47C833F /* EmoTests */,
				F772F4EE962F72A018B2E58E49F4392D /* Products */,
			);
			sourceTree = "<group>";
		};
		1C71F74151E5D2DB550A9F3738B2ABC0 /* Common */ = {
			isa = PBXGroup;
			children = (
				DD3EFCAF0187EED2CA9FDEDF45FC68A4 /* BulletKey.swift */,
				A31387A98CFB40FDEBEBF63150151EAF /* BulletValue.swift */,
				656A3B13737914A1C1BCC249B7F83A04 /* Bullet_UITextView_Extension.swift */,
				85EE7269669E16CE8DF879A0D90261EC /* Preference.swift */,
				4CCA6613AC92F38D1E765790B7216CAA /* ThemeManager.swift */,
			);
			path = Common;
			sourceTree = "<group>";
		};
		212CE81A264D2F9D2E5F5ACCA7866CB2 /* Typing */ = {
			isa = PBXGroup;
			children = (
				805F867D480D6B584C5E8F045EA02F83 /* Calendar */,
				6B25DF8597B0EAAD8D2C5975FE98649C /* Contact */,
				89554C31ED70E3A62DB128ED060AEBE6 /* Email */,
				7373EEF1B644417BC2CD14B75DF4E842 /* Note */,
				314A07BB31849AE95E79389C15AB0507 /* Photo */,
				CD008BEE7F7A6105527D0795BB68E431 /* Reminder */,
			);
			path = Typing;
			sourceTree = "<group>";
		};
		26DAA4990B2E7895574A08B73B1703E7 /* Emo */ = {
			isa = PBXGroup;
			children = (
				1C71F74151E5D2DB550A9F3738B2ABC0 /* Common */,
				5A8D830716B58BA2EE3397A00BA7DE70 /* Context */,
				F37FDF66BE58D9D2934B7C376CE08DBE /* Extension */,
				416159791EDEB7B45DBE4590850F096A /* Model */,
				5F4E3534AD52AD40EA2EE3268727DE2C /* PlatformConvertible */,
				6CBFD8E5ABE4EA60BB4C2525D625F520 /* Protocol */,
				615420A29808CD0A07ADDBA42239F29E /* Util */,
				7A3036E1EFFF674A08A19CCBF53C095C /* View */,
				9EE506E993AF2037E8A9E86FFA0F8547 /* ViewController */,
				A136D798788A863B74AD713B4C81D5C5 /* AppDelegate.swift */,
				FC2B9DC4F603DA17D67A9B33EA2EF786 /* Assets.xcassets */,
				CDE1E686450B01BAFCD099305ADDD471 /* Emo.xcdatamodeld */,
				BBF264436038859C83DB7495CD82B695 /* Info.plist */,
				309D050B523DE66E1EF8FFD541330B98 /* LaunchScreen.storyboard */,
				8155EF4BE7AAE5948C1B98B54456C9A2 /* Main.storyboard */,
			);
			path = Emo;
			sourceTree = "<group>";
		};
		2C92423F4A5347E27AB9A5A0DE627C50 /* MainBottom */ = {
			isa = PBXGroup;
			children = (
				D2AA6C8AAAE344122141EA9655084660 /* BottomView */,
				7F24748DCCE2DE723B3A83A664659D8E /* ContextView */,
				212CE81A264D2F9D2E5F5ACCA7866CB2 /* Typing */,
			);
			path = MainBottom;
			sourceTree = "<group>";
		};
		314A07BB31849AE95E79389C15AB0507 /* Photo */ = {
			isa = PBXGroup;
			children = (
				A7C158FAFB35A339BA55DB2DFDBD3212 /* PhotoTypingView.swift */,
				5884B662C76ABEC3E601268DA53A36C9 /* Photo_TextFieldDelegate.swift */,
			);
			path = Photo;
			sourceTree = "<group>";
		};
		416159791EDEB7B45DBE4590850F096A /* Model */ = {
			isa = PBXGroup;
			children = (
				8A46A2F900791C544442FC18A19DAA4E /* Core */,
				3CF0C655C2F9ADA527D9368803F3888D /* Calendar_Extension.swift */,
				C12EA39F1A1A908EF35C2C5CC3AFA5CF /* Contact_Extension.swift */,
				58F6E928B154227350142320FEAE5206 /* Email_Extension.swift */,
				3A48B20C358B44E017833D897E25CD20 /* HighlightData.swift */,
				2C5272458FED3E7CD7DA2E43B26D486B /* NSManagedObject_Extension.swift */,
				3FA07FE29F1DF543AE3A5F4743120BD8 /* Note_Extension.swift */,
				2471A69DEB094C929D4CDDA9C28F0CB8 /* Photo_Extension.swift */,
				AE2FD6D531FC3F4D755EB10CD8283CAD /* Reminder_Extension.swift */,
			);
			path = Model;
			sourceTree = "<group>";
		};
		42658F8427A6D49E28ECCD55CDE78B03 /* MainCollectionVC */ = {
			isa = PBXGroup;
			children = (
				A9CB04FAAAE18E2445431CA576292145 /* MainCollectionVC_Action.swift */,
				BFF41BE17C163BB3EEAAFE51A6363595 /* MainCollectionVC_BottomViewDelegate.swift */,
				7274918C101E745C6DB989A65880FC76 /* MainCollectionVC_CollectionViewDataSource.swift */,
				07D7488DDE0CA5198C9270C6C7A33FD4 /* MainCollectionVC_CollectionViewDelegate.swift */,
				46150393319B4DEB23C2111497ACDFAB /* MainCollectionVC_ScrollViewDelegate.swift */,
				C63613650B3DE28B46CE75864D99F17E /* MainCollectionViewController.swift */,
				561E07B554D5AD19CF2C486B27A55652 /* MainCollectionVC_CollectionViewDelegateFlowLayout.swift */,
			);
			path = MainCollectionVC;
			sourceTree = "<group>";
		};
		5A8D830716B58BA2EE3397A00BA7DE70 /* Context */ = {
			isa = PBXGroup;
			children = (
				5AA82523DB02124F561CCCEDB13D4012 /* CalendarManager.swift */,
				3BBAC207592DC7FF4E58848A1AE5602F /* ContactManager.swift */,
				B468F779AAD68589A0C12232E95DA474 /* PhotoManager.swift */,
				71AF147E48FB884E1D58F35D80B02105 /* ReminderManager.swift */,
			);
			path = Context;
			sourceTree = "<group>";
		};
		5F4E3534AD52AD40EA2EE3268727DE2C /* PlatformConvertible */ = {
			isa = PBXGroup;
			children = (
				E35011B421A261853BC56EA515393EC0 /* iOS.swift */,
			);
			path = PlatformConvertible;
			sourceTree = "<group>";
		};
		615420A29808CD0A07ADDBA42239F29E /* Util */ = {
			isa = PBXGroup;
			children = (
				D7EDBB712A3719D056BE8787AFD4AA6F /* StoreService.swift */,
			);
			path = Util;
			sourceTree = "<group>";
		};
		652B14790357D64B5B2110EC574388D6 /* PhotoDetail */ = {
			isa = PBXGroup;
			children = (
				26CD3704B44365485027C5E63CA0B058 /* PhotoDetailHeaderView.swift */,
				30204DBA2E4F8E182E6DCFDD0D0C71C0 /* PhotoDetailTableViewCell.swift */,
			);
			path = PhotoDetail;
			sourceTree = "<group>";
		};
		6B25DF8597B0EAAD8D2C5975FE98649C /* Contact */ = {
			isa = PBXGroup;
			children = (
				0E7DB42438890438FC55733AA7FE4243 /* ContactTV_TextFieldDelegate.swift */,
				E6467BAC1A3158FAC826F6A6D184F6A6 /* ContactTypingView.swift */,
			);
			path = Contact;
			sourceTree = "<group>";
		};
		6CBFD8E5ABE4EA60BB4C2525D625F520 /* Protocol */ = {
			isa = PBXGroup;
			children = (
				DD7F7A84E872ABA79CDCAF02E8EEE356 /* BlockType.swift */,
				25960829C9F7A92F71CBD06D9A9830EE /* Detection.swift */,
				BF8CDEBF8E818DEF64B5D6776B06C8BE /* TableViewAutoSystemProtocol.swift */,
			);
			path = Protocol;
			sourceTree = "<group>";
		};
		7373EEF1B644417BC2CD14B75DF4E842 /* Note */ = {
			isa = PBXGroup;
			children = (
				89BF910A321F8BFE9E5EBAEF97BC4FA8 /* GrowingTextView.swift */,
				2EDD3A75CC52A4475C15C02B93238B7F /* NoteTV_TextViewDelegate.swift */,
				FAE79958AB85DD9223DC7A49B18B6ACD /* NoteTypingView.swift */,
			);
			path = Note;
			sourceTree = "<group>";
		};
		7A3036E1EFFF674A08A19CCBF53C095C /* View */ = {
			isa = PBXGroup;
			children = (
				7CEC112C21341DAD0032E223 /* DetailBottom */,
				2C92423F4A5347E27AB9A5A0DE627C50 /* MainBottom */,
				AFD210E1A32E867C16EAB49BC47E3C1E /* Common */,
				AEEF80E43DF7034AF74CACE5E44B4058 /* MainCollectionViewCell */,
				652B14790357D64B5B2110EC574388D6 /* PhotoDetail */,
				9B5FFD8EA68589661E1453558609720E /* RecommandCell */,
				D2E3F48558FC863BB345A8566076F8BD /* PianoTextView.swift */,
			);
			path = View;
			sourceTree = "<group>";
		};
		7CEC112B21341D620032E223 /* NoteDetailVC */ = {
			isa = PBXGroup;
			children = (
				BC02138ABD92DE12E1C7765D3AB247CB /* NoteDetailViewController.swift */,
				7CEC1127213416D20032E223 /* NoteDetailVC_Action.swift */,
				7CEFFF03213432BC0001F2E6 /* NoteDetailVC_DetailBottomViewDelegate.swift */,
			);
			path = NoteDetailVC;
			sourceTree = "<group>";
		};
		7CEC112C21341DAD0032E223 /* DetailBottom */ = {
			isa = PBXGroup;
			children = (
				7CEC112921341D560032E223 /* DetailBottomView.swift */,
				7CEC112D21341EB90032E223 /* DetailBottomView_Keyboard.swift */,
			);
			path = DetailBottom;
			sourceTree = "<group>";
		};
		7F24748DCCE2DE723B3A83A664659D8E /* ContextView */ = {
			isa = PBXGroup;
			children = (
				30EF65E24D1A693C6FBE4F4E1A83B518 /* ContextView.swift */,
			);
			path = ContextView;
			sourceTree = "<group>";
		};
		805F867D480D6B584C5E8F045EA02F83 /* Calendar */ = {
			isa = PBXGroup;
			children = (
				2D44CB73ABD2A9E2E7BBDC4C7A855F60 /* CalendarTV_TextFieldDelegate.swift */,
				11F91D0090DD86DC0EEC7F8657EE0FDC /* CalendarTypingView.swift */,
			);
			path = Calendar;
			sourceTree = "<group>";
		};
		89554C31ED70E3A62DB128ED060AEBE6 /* Email */ = {
			isa = PBXGroup;
			children = (
				8DF35398D75CE67A999C1AF953E5C629 /* EmailTV_TextFieldDelegate.swift */,
				32F99C3F8398D2614CA78F0911420E75 /* EmailTypingView.swift */,
			);
			path = Email;
			sourceTree = "<group>";
		};
		8A46A2F900791C544442FC18A19DAA4E /* Core */ = {
			isa = PBXGroup;
			children = (
				0D112529D22A5FA64061D28D1961EF2F /* NSPersistentContainer_extension.swift */,
			);
			path = Core;
			sourceTree = "<group>";
		};
		9B5FFD8EA68589661E1453558609720E /* RecommandCell */ = {
			isa = PBXGroup;
			children = (
				F50E939F76101E87D75A49C8B3050F5C /* CalendarRecommandTableViewCell.swift */,
				64489289B8931A57BFA520F072A905EF /* ContactRecommandTableViewCell.swift */,
				409BDD85BE33DAD86987F1300F3DD6B6 /* EmailRecommandTableViewCell.swift */,
				4122CEF3653A6172D530712766B8B3A7 /* PhotoRecommandCollectionViewCell.swift */,
				3FED182C270FD9BDE63A97B610148C1F /* ReminderRecommandTableViewCell.swift */,
			);
			path = RecommandCell;
			sourceTree = "<group>";
		};
		9EE506E993AF2037E8A9E86FFA0F8547 /* ViewController */ = {
			isa = PBXGroup;
			children = (
				42658F8427A6D49E28ECCD55CDE78B03 /* MainCollectionVC */,
				516C5216F425914F4760FE7F1275259E /* CalendarRecommandTableViewController.swift */,
				A5FAC6EC17C5C2938CF1A29344A72B60 /* ContactRecommandTableViewController.swift */,
				A527403E0F1316358E8C27EB0FF58A46 /* EMailRecommandTableViewController.swift */,
				7CEC112B21341D620032E223 /* NoteDetailVC */,
				1FC1BC1BA0DAF6F7AF76D7D76423FF94 /* PhotoDetailViewController.swift */,
				CC1BFFDA5A93D3671E034BADBEFD4987 /* PhotoRecommandCollectionViewController.swift */,
				33FD60FF02C09C32D1164AC64ED2C3E2 /* ReminderRecommandTableViewController.swift */,
			);
			path = ViewController;
			sourceTree = "<group>";
		};
		AEEF80E43DF7034AF74CACE5E44B4058 /* MainCollectionViewCell */ = {
			isa = PBXGroup;
			children = (
				ADAF8FA45D474AE4DA936A827DE2B691 /* CalendarCollectionReusableView.swift */,
				07AC3DFB3ADEB243524248FE7C4D5F03 /* CalendarCollectionViewCell.swift */,
				B7F7E8E5100D3B1446A97FF3E3F08DCA /* ContactCollectionViewCell.swift */,
				DBD8AC056C9A6C26F970C3F8E314C970 /* NoteCollectionViewCell.swift */,
				A88B9D6ED903EF6BBDC8069D10BEEF73 /* PhotoCollectionViewCell.swift */,
				CBF8EC11660663D75A1022BE5482A69D /* ReminderCollectionViewCell.swift */,
			);
			path = MainCollectionViewCell;
			sourceTree = "<group>";
		};
		AFD210E1A32E867C16EAB49BC47E3C1E /* Common */ = {
			isa = PBXGroup;
			children = (
				C11E13907C453A90E713E28285FED0E5 /* LoadingView.swift */,
				AAC49C28E6DF7CE43378FF6E1A72837E /* LoadingView.xib */,
				9FAD6A6DC17FBBDAC15170D9926007DF /* NotificationView.swift */,
				7907FABB81235CCB3D804F39B38808BB /* NotificationView.xib */,
			);
			path = Common;
			sourceTree = "<group>";
		};
		CD008BEE7F7A6105527D0795BB68E431 /* Reminder */ = {
			isa = PBXGroup;
			children = (
				AE803494A3BA4D3032F567E27027C2B7 /* ReminderTV_TextFieldDelegate.swift */,
				2A07AE8766BBD88B8AE6136228E65D58 /* ReminderTypingView.swift */,
			);
			path = Reminder;
			sourceTree = "<group>";
		};
		D2AA6C8AAAE344122141EA9655084660 /* BottomView */ = {
			isa = PBXGroup;
			children = (
				7DEED8E5A1C28EBE9A947D1930323B93 /* BottomView.swift */,
				C5BAC1CB376B025D0E286EAC46B2449B /* BottomView_CalendarTVDelegate.swift */,
				A43A7ECB50A222FD12DD297E26F34E70 /* BottomView_ContactTVDelegate.swift */,
				153A45464A56F63959BE059339F307A7 /* BottomView_ContextViewDelegate.swift */,
				14F1F4E23BBB37C082378F5C092E3AEE /* BottomView_EmailTVDelegate.swift */,
				F29983934E73CF441103BCBE0625711B /* BottomView_Keyboard.swift */,
				101F922062C3B84CC2EF9FF638252CE4 /* BottomView_NoteTVDelegate.swift */,
				C04C342E8A747837E9F9F1C301984902 /* BottomView_PhotoTVDelegate.swift */,
				79F8B8FAEFEF8B6E616687526E275929 /* BottomView_ReminderTVDelegate.swift */,
			);
			path = BottomView;
			sourceTree = "<group>";
		};
		F37FDF66BE58D9D2934B7C376CE08DBE /* Extension */ = {
			isa = PBXGroup;
			children = (
				A9B4A0C8857C728C508C251C61C24DC9 /* Color_extension.swift */,
				51DF42E787CA637979BA75A60FED0960 /* DateFormatter_extension.swift */,
				03651CAA21D8E91FCE78278FAB4F75E9 /* Font_extension.swift */,
				A7D6D881B98B96559AB1A53D0C11E299 /* NSRange_extension.swift */,
				23B897AAE2AFB8FAE704FD37BFE1D4EE /* String_extension.swift */,
				B6B7C07906D0EBA85FEF289037A5C02A /* UINavigationController_extension.swift */,
				C4197A62CE2ABF8E4C0B04343820A981 /* UnicodeScalar_extension.swift */,
				3773487C367A475A8DB66F3BD209C656 /* View_extension.swift */,
			);
			path = Extension;
			sourceTree = "<group>";
		};
		F772F4EE962F72A018B2E58E49F4392D /* Products */ = {
			isa = PBXGroup;
			children = (
				ED1DC83147EB5473B7B48E1BC73C6A7E /* Emo.app */,
				3D7DA3D2D8F77187F49B83A7C2568CDA /* EmoTests.xctest */,
			);
			name = Products;
			sourceTree = "<group>";
		};
		FF40696C95F3BB7D6E6DA4B1D47C833F /* EmoTests */ = {
			isa = PBXGroup;
			children = (
				6EB2712B01A4D0B45339CD6BEEC8EAC1 /* BottomViewTests.swift */,
				A3A0BCFA927EFB11B32019F67C18491E /* Info.plist */,
			);
			path = EmoTests;
			sourceTree = "<group>";
		};
/* End PBXGroup section */

/* Begin PBXNativeTarget section */
		01A51839F3C9E75118429E853EC91F35 /* Emo */ = {
			isa = PBXNativeTarget;
			buildConfigurationList = 070808F8361BF2BC79E59C01979D20E9 /* Build configuration list for PBXNativeTarget "Emo" */;
			buildPhases = (
				E0A6EE3CA7156B8CCA7940726C3BBF8C /* Sources */,
				08062DB55CEA054172F5B90B612BEFB8 /* Frameworks */,
				D3BBCD8206DCC3CAA6D31F1A81B7103D /* Resources */,
			);
			buildRules = (
			);
			dependencies = (
			);
			name = Emo;
			productName = Emo;
			productReference = ED1DC83147EB5473B7B48E1BC73C6A7E /* Emo.app */;
			productType = "com.apple.product-type.application";
		};
		6AB1ACF3960FE1F27379D98B2173DC7B /* EmoTests */ = {
			isa = PBXNativeTarget;
			buildConfigurationList = 993A1476BF695311E38AE992FFEB4D92 /* Build configuration list for PBXNativeTarget "EmoTests" */;
			buildPhases = (
				8E38D675AC5419605D83CCC1BC30B43A /* Sources */,
				F728DA086102FE0C7F5FF3C5EAB606AF /* Frameworks */,
				B39A3E2D42074BD690B714887D5B2282 /* Resources */,
			);
			buildRules = (
			);
			dependencies = (
				323616BB5F5CDBDC99AEB26EBC382D3F /* PBXTargetDependency */,
			);
			name = EmoTests;
			productName = EmoTests;
			productReference = 3D7DA3D2D8F77187F49B83A7C2568CDA /* EmoTests.xctest */;
			productType = "com.apple.product-type.bundle.unit-test";
		};
/* End PBXNativeTarget section */

/* Begin PBXProject section */
		80E9A0265AC1DCC096E39FD22DD1A9D1 /* Project object */ = {
			isa = PBXProject;
			attributes = {
				LastSwiftUpdateCheck = 0940;
				LastUpgradeCheck = 0940;
				ORGANIZATIONNAME = Piano;
				TargetAttributes = {
					01A51839F3C9E75118429E853EC91F35 = {
						CreatedOnToolsVersion = 9.4.1;
					};
					6AB1ACF3960FE1F27379D98B2173DC7B = {
						CreatedOnToolsVersion = 9.4.1;
						TestTargetID = 01A51839F3C9E75118429E853EC91F35;
					};
				};
			};
			buildConfigurationList = 84657721AAAB89A4259C0396EC9ADFD0 /* Build configuration list for PBXProject "Emo" */;
			compatibilityVersion = "Xcode 9.3";
			developmentRegion = en;
			hasScannedForEncodings = 0;
			knownRegions = (
				en,
				Base,
			);
			mainGroup = 17EFBF8A279C822531AC15C5600DDF87;
			productRefGroup = F772F4EE962F72A018B2E58E49F4392D /* Products */;
			projectDirPath = "";
			projectRoot = "";
			targets = (
				01A51839F3C9E75118429E853EC91F35 /* Emo */,
				6AB1ACF3960FE1F27379D98B2173DC7B /* EmoTests */,
			);
		};
/* End PBXProject section */

/* Begin PBXResourcesBuildPhase section */
		B39A3E2D42074BD690B714887D5B2282 /* Resources */ = {
			isa = PBXResourcesBuildPhase;
			buildActionMask = 2147483647;
			files = (
			);
			runOnlyForDeploymentPostprocessing = 0;
		};
		D3BBCD8206DCC3CAA6D31F1A81B7103D /* Resources */ = {
			isa = PBXResourcesBuildPhase;
			buildActionMask = 2147483647;
			files = (
				2247D0E3EAC6A853B3B6382E4AB33B82 /* Assets.xcassets in Resources */,
				9A09EF180199A5208A4286AFB438CEDA /* LaunchScreen.storyboard in Resources */,
				311A485696241F2621CDE6C36A8F495F /* LoadingView.xib in Resources */,
				9D89D20E5990816A82030846C9167DDF /* Main.storyboard in Resources */,
				9EE8074E8B036748A086C3C6B4603106 /* NotificationView.xib in Resources */,
			);
			runOnlyForDeploymentPostprocessing = 0;
		};
/* End PBXResourcesBuildPhase section */

/* Begin PBXSourcesBuildPhase section */
		8E38D675AC5419605D83CCC1BC30B43A /* Sources */ = {
			isa = PBXSourcesBuildPhase;
			buildActionMask = 2147483647;
			files = (
				BECF23FE1F841D595036B2CD19A8C606 /* BottomViewTests.swift in Sources */,
			);
			runOnlyForDeploymentPostprocessing = 0;
		};
		E0A6EE3CA7156B8CCA7940726C3BBF8C /* Sources */ = {
			isa = PBXSourcesBuildPhase;
			buildActionMask = 2147483647;
			files = (
				DC7C3499EC7013DBAFFD2ECA5B728E82 /* AppDelegate.swift in Sources */,
				0F9E28EF6AE8A5EDA9B82A79B7493ABB /* BlockType.swift in Sources */,
				6900C91E74C3329685E37884792EA9EB /* BottomView.swift in Sources */,
				570604405425203CF4284D3D881C4D2A /* BottomView_CalendarTVDelegate.swift in Sources */,
				292291FC48978AE22450754C2116A7F4 /* BottomView_ContactTVDelegate.swift in Sources */,
				B583CF596B1268306E3B4EF91A6519BD /* BottomView_ContextViewDelegate.swift in Sources */,
				7CEC1128213416D20032E223 /* NoteDetailVC_Action.swift in Sources */,
				7C690BCE15742AD91A6DFED19C93DDA5 /* BottomView_EmailTVDelegate.swift in Sources */,
				62F5DE46FE47B8441A4856B7E9CDBA8D /* BottomView_Keyboard.swift in Sources */,
				7D6278233CA01DBBE8F86D6C55C18936 /* BottomView_NoteTVDelegate.swift in Sources */,
				6866C5E537A9F1F7E171755DC7DFA302 /* BottomView_PhotoTVDelegate.swift in Sources */,
				33B90B843FBFC90EDF805CABD0D49DB6 /* BottomView_ReminderTVDelegate.swift in Sources */,
				72E6EB8071EE0720B974B9CF68DF8F89 /* BulletKey.swift in Sources */,
				37B93661BB397C3686ABDCC71A421204 /* BulletValue.swift in Sources */,
				FC553641D84BCFB65AE6642AD2D6524F /* Bullet_UITextView_Extension.swift in Sources */,
				0DC161589FBE5DAA4BD8F3B2A0B528FD /* CalendarCollectionReusableView.swift in Sources */,
				57D8F4B2E0DADD88BB48AF95D44AB8A7 /* CalendarCollectionViewCell.swift in Sources */,
				D32AAAFA7D91C789D04FBEC0CF524B8A /* CalendarManager.swift in Sources */,
				2422AAF257383C26EAB25B0B47B268EB /* CalendarRecommandTableViewCell.swift in Sources */,
				F71EA39BB30C48348C39352875F95035 /* CalendarRecommandTableViewController.swift in Sources */,
				FCCAB6583AB935EEF0EA95ABA88AC0B7 /* CalendarTV_TextFieldDelegate.swift in Sources */,
				1A877DD4101B0B75F01F4CDED2BEB1B0 /* CalendarTypingView.swift in Sources */,
				E1553066DC4A8948B5E9CB03D2EF53C6 /* Calendar_Extension.swift in Sources */,
				9F828DE084F92F5F3A7AD3C7F5DB5DB2 /* Color_extension.swift in Sources */,
				56CCDF3572EA9242776B9D3E4639CCA3 /* ContactCollectionViewCell.swift in Sources */,
				052D288EBFDC8675B35F1DC70DA32127 /* ContactManager.swift in Sources */,
				0C622F21EEDF27031287BA6D183310B9 /* ContactRecommandTableViewCell.swift in Sources */,
				E006FBAC16C23D88BE8AC2BFEE932F38 /* ContactRecommandTableViewController.swift in Sources */,
				5E816E0FB54D94F7CADB779F54933813 /* ContactTV_TextFieldDelegate.swift in Sources */,
				E1D9368EEED886EFA3E2615952267423 /* ContactTypingView.swift in Sources */,
				56424D46BFE1310A5714F5FADEE63F47 /* Contact_Extension.swift in Sources */,
				FDF02B55E2B620B67CAE9FDEB62137EB /* ContextView.swift in Sources */,
				60E4523AE77CBAA3D7CBFAC18B96AFA0 /* DateFormatter_extension.swift in Sources */,
				C2B8D816C9352CE2F26797736CF57F0A /* Detection.swift in Sources */,
				45D8FE24D4F8811B5A930198AA2AB953 /* EMailRecommandTableViewController.swift in Sources */,
				DC72154D957C38767A0675985635F7A1 /* EmailRecommandTableViewCell.swift in Sources */,
				3D71D65E918C43D67B70CFE926D74A08 /* EmailTV_TextFieldDelegate.swift in Sources */,
				D445797E68F0EC1FE56E0B14B4994993 /* EmailTypingView.swift in Sources */,
				C9FB6C8CE6FEA1CAE677C3A7C3AB4368 /* Email_Extension.swift in Sources */,
				4F9A17730D7F7D5EDF5E80AA6628BCBE /* Emo.xcdatamodeld in Sources */,
				68005711738DA50C432BCF71535F53D7 /* Font_extension.swift in Sources */,
				54C3FAF733CF44237C543B7440649EF2 /* GrowingTextView.swift in Sources */,
				425116209A5D8DE0A0A0BA7F43BDAB96 /* HighlightData.swift in Sources */,
				5F5970BBA03574A6A8000B2C33BABF3B /* LoadingView.swift in Sources */,
				15F28F5549D2599045A9506BD1CD38D7 /* MainCollectionVC_Action.swift in Sources */,
				23398153517B7231949E8FC3E92B6142 /* MainCollectionVC_BottomViewDelegate.swift in Sources */,
				D03981E773CFD36C2741E1C15598810E /* MainCollectionVC_CollectionViewDataSource.swift in Sources */,
				FF43CFD00C49CCA57C6625D2876D7E8B /* MainCollectionVC_CollectionViewDelegate.swift in Sources */,
				94B20B95247422C4F5875571409CBFA2 /* MainCollectionVC_ScrollViewDelegate.swift in Sources */,
				5704FD8BF41BA5E04D8EA6069BF0D41F /* MainCollectionViewController.swift in Sources */,
				AE53A201AAC812FE80C669E560312ED8 /* MainCollectionVC_CollectionViewDelegateFlowLayout.swift in Sources */,
				14073BBBAF7225C0B5108606401FBC68 /* NSManagedObject_Extension.swift in Sources */,
				FCF2EEC7CD3A3BDA6596D0058B3B3E6D /* NSPersistentContainer_extension.swift in Sources */,
				717B1A63C1C97761E7FD43ECAF89415A /* NSRange_extension.swift in Sources */,
				781829494729FD3F5F29CF3A0CD6F95B /* NoteCollectionViewCell.swift in Sources */,
				3F0467F7E62F949B208BB7F4602D394B /* NoteDetailViewController.swift in Sources */,
				105026CD53E15DCBFE85A9DDDEE27EE2 /* NoteTV_TextViewDelegate.swift in Sources */,
				EC152687704B43F9B7F6640CC29F9F37 /* NoteTypingView.swift in Sources */,
				D57B1E5CA74F39152C8C315700CA8099 /* Note_Extension.swift in Sources */,
				DAE5F941C3769C1E81F92105B3771FA1 /* NotificationView.swift in Sources */,
				EDA9C90074010043C46ADB921BEA1431 /* PhotoCollectionViewCell.swift in Sources */,
				136CBB56C7497BDAE1F11B4E41548A86 /* PhotoDetailHeaderView.swift in Sources */,
				26C6730AEBB04CC27B10D11D457A3F22 /* PhotoDetailTableViewCell.swift in Sources */,
				0848AAEF0DDCDB0BF13F1A4C14D79C71 /* PhotoDetailViewController.swift in Sources */,
				2D1F7FB0462A746AD58FE53C2441E3E0 /* PhotoManager.swift in Sources */,
				28A24B63AF29A5665F43CDE7B7042D63 /* PhotoRecommandCollectionViewCell.swift in Sources */,
				CDF4F997DC67AA35618909F521A36FFB /* PhotoRecommandCollectionViewController.swift in Sources */,
				FE047B273BC7870E39F19E68F23654AF /* PhotoTypingView.swift in Sources */,
				1482EC3CD7BD18E983F40BDE5A6C3263 /* Photo_Extension.swift in Sources */,
				7CEFFF04213432BC0001F2E6 /* NoteDetailVC_DetailBottomViewDelegate.swift in Sources */,
				7CEC112E21341EB90032E223 /* DetailBottomView_Keyboard.swift in Sources */,
				9A85D68EE441E6943D596BF5550324C3 /* Photo_TextFieldDelegate.swift in Sources */,
				D00BAE30298D0C4FDF3D0A9EA99CAC4A /* PianoTextView.swift in Sources */,
				21E8ACFA7D1BC87EAE241446E6919D4D /* Preference.swift in Sources */,
				14D4903118275D1CAA3A654496AB30B2 /* ReminderCollectionViewCell.swift in Sources */,
				1FE3E97537F9494FA60723F23B22A8C2 /* ReminderManager.swift in Sources */,
				E64021C5C1CA70CA1AAF3116D1400BD9 /* ReminderRecommandTableViewCell.swift in Sources */,
				BEAA699E6E9BA261DE5F6F50A09A61AD /* ReminderRecommandTableViewController.swift in Sources */,
				36D8BE150280FF631404DA7562E70273 /* ReminderTV_TextFieldDelegate.swift in Sources */,
				D59E548394CA528DEB3B7ED89376C5AD /* ReminderTypingView.swift in Sources */,
				E879896B48506C702A9393464E9E6FBB /* Reminder_Extension.swift in Sources */,
				227E0505B99C1A2E70DFC98523FF7AEB /* StoreService.swift in Sources */,
				F51AFCAF70500FF8B1E3E8BA66742AD9 /* String_extension.swift in Sources */,
				5B78CA842F60EF9215F34EA571B7D3FE /* TableViewAutoSystemProtocol.swift in Sources */,
				4CA61BE67E3A4F257644306236236149 /* ThemeManager.swift in Sources */,
				F0AF5597B062017A954F80A82289D14C /* UINavigationController_extension.swift in Sources */,
				D3946496D3976DD501B118F8D8A90587 /* UnicodeScalar_extension.swift in Sources */,
				44FC8597B5798A1DC1B3A3EE686365CA /* View_extension.swift in Sources */,
				7CEC112A21341D560032E223 /* DetailBottomView.swift in Sources */,
				85C5E978B088D777CEFFD61B5B2D60FD /* iOS.swift in Sources */,
			);
			runOnlyForDeploymentPostprocessing = 0;
		};
/* End PBXSourcesBuildPhase section */

/* Begin PBXTargetDependency section */
		323616BB5F5CDBDC99AEB26EBC382D3F /* PBXTargetDependency */ = {
			isa = PBXTargetDependency;
			target = 01A51839F3C9E75118429E853EC91F35 /* Emo */;
			targetProxy = 5C2F2821B5A28E40F4AA6795145D4876 /* PBXContainerItemProxy */;
		};
/* End PBXTargetDependency section */

/* Begin PBXVariantGroup section */
		8155EF4BE7AAE5948C1B98B54456C9A2 /* Main.storyboard */ = {
			isa = PBXVariantGroup;
			children = (
				0DC1FAB700384EE595522C290F6AAC6F /* Base */,
			);
			name = Main.storyboard;
			sourceTree = "<group>";
		};
/* End PBXVariantGroup section */

/* Begin XCBuildConfiguration section */
		14BDC2925747986C6E79487C39CF789E /* Debug */ = {
			isa = XCBuildConfiguration;
			buildSettings = {
				BUNDLE_LOADER = "$(TEST_HOST)";
				CODE_SIGN_STYLE = Automatic;
				DEVELOPMENT_TEAM = U9KHV9D7LV;
				INFOPLIST_FILE = EmoTests/Info.plist;
				LD_RUNPATH_SEARCH_PATHS = (
					"$(inherited)",
					"@executable_path/Frameworks",
					"@loader_path/Frameworks",
				);
				PRODUCT_BUNDLE_IDENTIFIER = Piano.EmoTests;
				PRODUCT_NAME = "$(TARGET_NAME)";
				SWIFT_VERSION = 4.0;
				TARGETED_DEVICE_FAMILY = "1,2";
				TEST_HOST = "$(BUILT_PRODUCTS_DIR)/Emo.app/Emo";
			};
			name = Debug;
		};
		220E4E412462DCDC425CC55497DE8D5D /* Debug */ = {
			isa = XCBuildConfiguration;
			buildSettings = {
				ASSETCATALOG_COMPILER_APPICON_NAME = AppIcon;
				CODE_SIGN_STYLE = Automatic;
				DEVELOPMENT_TEAM = U9KHV9D7LV;
				INFOPLIST_FILE = "$(SRCROOT)/Emo/Info.plist";
				IPHONEOS_DEPLOYMENT_TARGET = 11.0;
				LD_RUNPATH_SEARCH_PATHS = (
					"$(inherited)",
					"@executable_path/Frameworks",
				);
				PRODUCT_BUNDLE_IDENTIFIER = Piano.Emo;
				PRODUCT_NAME = "$(TARGET_NAME)";
				SWIFT_VERSION = 4.0;
				TARGETED_DEVICE_FAMILY = "1,2";
			};
			name = Debug;
		};
		5645F5B43A463001C67EB22B69DFD8DE /* Release */ = {
			isa = XCBuildConfiguration;
			buildSettings = {
				ALWAYS_SEARCH_USER_PATHS = NO;
				CLANG_ANALYZER_NONNULL = YES;
				CLANG_ANALYZER_NUMBER_OBJECT_CONVERSION = YES_AGGRESSIVE;
				CLANG_CXX_LANGUAGE_STANDARD = "gnu++14";
				CLANG_CXX_LIBRARY = "libc++";
				CLANG_ENABLE_MODULES = YES;
				CLANG_ENABLE_OBJC_ARC = YES;
				CLANG_ENABLE_OBJC_WEAK = YES;
				CLANG_WARN_BLOCK_CAPTURE_AUTORELEASING = YES;
				CLANG_WARN_BOOL_CONVERSION = YES;
				CLANG_WARN_COMMA = YES;
				CLANG_WARN_CONSTANT_CONVERSION = YES;
				CLANG_WARN_DEPRECATED_OBJC_IMPLEMENTATIONS = YES;
				CLANG_WARN_DIRECT_OBJC_ISA_USAGE = YES_ERROR;
				CLANG_WARN_DOCUMENTATION_COMMENTS = YES;
				CLANG_WARN_EMPTY_BODY = YES;
				CLANG_WARN_ENUM_CONVERSION = YES;
				CLANG_WARN_INFINITE_RECURSION = YES;
				CLANG_WARN_INT_CONVERSION = YES;
				CLANG_WARN_NON_LITERAL_NULL_CONVERSION = YES;
				CLANG_WARN_OBJC_IMPLICIT_RETAIN_SELF = YES;
				CLANG_WARN_OBJC_LITERAL_CONVERSION = YES;
				CLANG_WARN_OBJC_ROOT_CLASS = YES_ERROR;
				CLANG_WARN_RANGE_LOOP_ANALYSIS = YES;
				CLANG_WARN_STRICT_PROTOTYPES = YES;
				CLANG_WARN_SUSPICIOUS_MOVE = YES;
				CLANG_WARN_UNGUARDED_AVAILABILITY = YES_AGGRESSIVE;
				CLANG_WARN_UNREACHABLE_CODE = YES;
				CLANG_WARN__DUPLICATE_METHOD_MATCH = YES;
				CODE_SIGN_IDENTITY = "iPhone Developer";
				COPY_PHASE_STRIP = NO;
				DEBUG_INFORMATION_FORMAT = "dwarf-with-dsym";
				ENABLE_NS_ASSERTIONS = NO;
				ENABLE_STRICT_OBJC_MSGSEND = YES;
				GCC_C_LANGUAGE_STANDARD = gnu11;
				GCC_NO_COMMON_BLOCKS = YES;
				GCC_WARN_64_TO_32_BIT_CONVERSION = YES;
				GCC_WARN_ABOUT_RETURN_TYPE = YES_ERROR;
				GCC_WARN_UNDECLARED_SELECTOR = YES;
				GCC_WARN_UNINITIALIZED_AUTOS = YES_AGGRESSIVE;
				GCC_WARN_UNUSED_FUNCTION = YES;
				GCC_WARN_UNUSED_VARIABLE = YES;
				IPHONEOS_DEPLOYMENT_TARGET = 11.4;
				MTL_ENABLE_DEBUG_INFO = NO;
				SDKROOT = iphoneos;
				SWIFT_COMPILATION_MODE = wholemodule;
				SWIFT_OPTIMIZATION_LEVEL = "-O";
				VALIDATE_PRODUCT = YES;
			};
			name = Release;
		};
		7ADB5855EBF3D745501F9C1605CB3EC2 /* Release */ = {
			isa = XCBuildConfiguration;
			buildSettings = {
				ASSETCATALOG_COMPILER_APPICON_NAME = AppIcon;
				CODE_SIGN_STYLE = Automatic;
				DEVELOPMENT_TEAM = U9KHV9D7LV;
				INFOPLIST_FILE = "$(SRCROOT)/Emo/Info.plist";
				IPHONEOS_DEPLOYMENT_TARGET = 11.0;
				LD_RUNPATH_SEARCH_PATHS = (
					"$(inherited)",
					"@executable_path/Frameworks",
				);
				PRODUCT_BUNDLE_IDENTIFIER = Piano.Emo;
				PRODUCT_NAME = "$(TARGET_NAME)";
				SWIFT_VERSION = 4.0;
				TARGETED_DEVICE_FAMILY = "1,2";
			};
			name = Release;
		};
		A9383D19769D3E29A134B494D39B8254 /* Debug */ = {
			isa = XCBuildConfiguration;
			buildSettings = {
				ALWAYS_SEARCH_USER_PATHS = NO;
				CLANG_ANALYZER_NONNULL = YES;
				CLANG_ANALYZER_NUMBER_OBJECT_CONVERSION = YES_AGGRESSIVE;
				CLANG_CXX_LANGUAGE_STANDARD = "gnu++14";
				CLANG_CXX_LIBRARY = "libc++";
				CLANG_ENABLE_MODULES = YES;
				CLANG_ENABLE_OBJC_ARC = YES;
				CLANG_ENABLE_OBJC_WEAK = YES;
				CLANG_WARN_BLOCK_CAPTURE_AUTORELEASING = YES;
				CLANG_WARN_BOOL_CONVERSION = YES;
				CLANG_WARN_COMMA = YES;
				CLANG_WARN_CONSTANT_CONVERSION = YES;
				CLANG_WARN_DEPRECATED_OBJC_IMPLEMENTATIONS = YES;
				CLANG_WARN_DIRECT_OBJC_ISA_USAGE = YES_ERROR;
				CLANG_WARN_DOCUMENTATION_COMMENTS = YES;
				CLANG_WARN_EMPTY_BODY = YES;
				CLANG_WARN_ENUM_CONVERSION = YES;
				CLANG_WARN_INFINITE_RECURSION = YES;
				CLANG_WARN_INT_CONVERSION = YES;
				CLANG_WARN_NON_LITERAL_NULL_CONVERSION = YES;
				CLANG_WARN_OBJC_IMPLICIT_RETAIN_SELF = YES;
				CLANG_WARN_OBJC_LITERAL_CONVERSION = YES;
				CLANG_WARN_OBJC_ROOT_CLASS = YES_ERROR;
				CLANG_WARN_RANGE_LOOP_ANALYSIS = YES;
				CLANG_WARN_STRICT_PROTOTYPES = YES;
				CLANG_WARN_SUSPICIOUS_MOVE = YES;
				CLANG_WARN_UNGUARDED_AVAILABILITY = YES_AGGRESSIVE;
				CLANG_WARN_UNREACHABLE_CODE = YES;
				CLANG_WARN__DUPLICATE_METHOD_MATCH = YES;
				CODE_SIGN_IDENTITY = "iPhone Developer";
				COPY_PHASE_STRIP = NO;
				DEBUG_INFORMATION_FORMAT = dwarf;
				ENABLE_STRICT_OBJC_MSGSEND = YES;
				ENABLE_TESTABILITY = YES;
				GCC_C_LANGUAGE_STANDARD = gnu11;
				GCC_DYNAMIC_NO_PIC = NO;
				GCC_NO_COMMON_BLOCKS = YES;
				GCC_OPTIMIZATION_LEVEL = 0;
				GCC_PREPROCESSOR_DEFINITIONS = (
					"DEBUG=1",
					"$(inherited)",
				);
				GCC_WARN_64_TO_32_BIT_CONVERSION = YES;
				GCC_WARN_ABOUT_RETURN_TYPE = YES_ERROR;
				GCC_WARN_UNDECLARED_SELECTOR = YES;
				GCC_WARN_UNINITIALIZED_AUTOS = YES_AGGRESSIVE;
				GCC_WARN_UNUSED_FUNCTION = YES;
				GCC_WARN_UNUSED_VARIABLE = YES;
				IPHONEOS_DEPLOYMENT_TARGET = 11.4;
				MTL_ENABLE_DEBUG_INFO = YES;
				ONLY_ACTIVE_ARCH = YES;
				SDKROOT = iphoneos;
				SWIFT_ACTIVE_COMPILATION_CONDITIONS = DEBUG;
				SWIFT_OPTIMIZATION_LEVEL = "-Onone";
			};
			name = Debug;
		};
		CD13106AB6D82B04BCA063B8CCCD02B5 /* Release */ = {
			isa = XCBuildConfiguration;
			buildSettings = {
				BUNDLE_LOADER = "$(TEST_HOST)";
				CODE_SIGN_STYLE = Automatic;
				DEVELOPMENT_TEAM = U9KHV9D7LV;
				INFOPLIST_FILE = EmoTests/Info.plist;
				LD_RUNPATH_SEARCH_PATHS = (
					"$(inherited)",
					"@executable_path/Frameworks",
					"@loader_path/Frameworks",
				);
				PRODUCT_BUNDLE_IDENTIFIER = Piano.EmoTests;
				PRODUCT_NAME = "$(TARGET_NAME)";
				SWIFT_VERSION = 4.0;
				TARGETED_DEVICE_FAMILY = "1,2";
				TEST_HOST = "$(BUILT_PRODUCTS_DIR)/Emo.app/Emo";
			};
			name = Release;
		};
/* End XCBuildConfiguration section */

/* Begin XCConfigurationList section */
		070808F8361BF2BC79E59C01979D20E9 /* Build configuration list for PBXNativeTarget "Emo" */ = {
			isa = XCConfigurationList;
			buildConfigurations = (
				220E4E412462DCDC425CC55497DE8D5D /* Debug */,
				7ADB5855EBF3D745501F9C1605CB3EC2 /* Release */,
			);
			defaultConfigurationIsVisible = 0;
			defaultConfigurationName = Release;
		};
		84657721AAAB89A4259C0396EC9ADFD0 /* Build configuration list for PBXProject "Emo" */ = {
			isa = XCConfigurationList;
			buildConfigurations = (
				A9383D19769D3E29A134B494D39B8254 /* Debug */,
				5645F5B43A463001C67EB22B69DFD8DE /* Release */,
			);
			defaultConfigurationIsVisible = 0;
			defaultConfigurationName = Release;
		};
		993A1476BF695311E38AE992FFEB4D92 /* Build configuration list for PBXNativeTarget "EmoTests" */ = {
			isa = XCConfigurationList;
			buildConfigurations = (
				14BDC2925747986C6E79487C39CF789E /* Debug */,
				CD13106AB6D82B04BCA063B8CCCD02B5 /* Release */,
			);
			defaultConfigurationIsVisible = 0;
			defaultConfigurationName = Release;
		};
/* End XCConfigurationList section */

/* Begin XCVersionGroup section */
		CDE1E686450B01BAFCD099305ADDD471 /* Emo.xcdatamodeld */ = {
			isa = XCVersionGroup;
			children = (
				299DD96092ACDBBC9D94FF8CA0890A97 /* Piano.xcdatamodel */,
			);
			currentVersion = 299DD96092ACDBBC9D94FF8CA0890A97 /* Piano.xcdatamodel */;
			path = Emo.xcdatamodeld;
			sourceTree = "<group>";
			versionGroupType = wrapper.xcdatamodel;
		};
/* End XCVersionGroup section */
	};
	rootObject = 80E9A0265AC1DCC096E39FD22DD1A9D1 /* Project object */;
}
