// !$*UTF8*$!
{
	archiveVersion = 1;
	classes = {
	};
	objectVersion = 50;
	objects = {

/* Begin PBXBuildFile section */
		0F9E28EF6AE8A5EDA9B82A79B7493ABB /* BlockType.swift in Sources */ = {isa = PBXBuildFile; fileRef = DD7F7A84E872ABA79CDCAF02E8EEE356 /* BlockType.swift */; };
		14D4903118275D1CAA3A654496AB30B2 /* ReminderCollectionViewCell.swift in Sources */ = {isa = PBXBuildFile; fileRef = CBF8EC11660663D75A1022BE5482A69D /* ReminderCollectionViewCell.swift */; };
		15F28F5549D2599045A9506BD1CD38D7 /* MainCollectionVC_Action.swift in Sources */ = {isa = PBXBuildFile; fileRef = A9CB04FAAAE18E2445431CA576292145 /* MainCollectionVC_Action.swift */; };
		191BE7A7441787EB4E516DE4D9469CCD /* BottomView_Action.swift in Sources */ = {isa = PBXBuildFile; fileRef = 1250B0B76832E1C509234AF97CAF482D /* BottomView_Action.swift */; };
		2247D0E3EAC6A853B3B6382E4AB33B82 /* Assets.xcassets in Resources */ = {isa = PBXBuildFile; fileRef = FC2B9DC4F603DA17D67A9B33EA2EF786 /* Assets.xcassets */; };
		227E0505B99C1A2E70DFC98523FF7AEB /* StoreService.swift in Sources */ = {isa = PBXBuildFile; fileRef = D7EDBB712A3719D056BE8787AFD4AA6F /* StoreService.swift */; };
		311A485696241F2621CDE6C36A8F495F /* LoadingView.xib in Resources */ = {isa = PBXBuildFile; fileRef = AAC49C28E6DF7CE43378FF6E1A72837E /* LoadingView.xib */; };
		3F0467F7E62F949B208BB7F4602D394B /* NoteDetailViewController.swift in Sources */ = {isa = PBXBuildFile; fileRef = BC02138ABD92DE12E1C7765D3AB247CB /* NoteDetailViewController.swift */; };
		425116209A5D8DE0A0A0BA7F43BDAB96 /* HighlightData.swift in Sources */ = {isa = PBXBuildFile; fileRef = 3A48B20C358B44E017833D897E25CD20 /* HighlightData.swift */; };
		44FC8597B5798A1DC1B3A3EE686365CA /* View_extension.swift in Sources */ = {isa = PBXBuildFile; fileRef = 3773487C367A475A8DB66F3BD209C656 /* View_extension.swift */; };
		4CA61BE67E3A4F257644306236236149 /* ThemeManager.swift in Sources */ = {isa = PBXBuildFile; fileRef = 4CCA6613AC92F38D1E765790B7216CAA /* ThemeManager.swift */; };
		4F9A17730D7F7D5EDF5E80AA6628BCBE /* Emo.xcdatamodeld in Sources */ = {isa = PBXBuildFile; fileRef = CDE1E686450B01BAFCD099305ADDD471 /* Emo.xcdatamodeld */; };
		4FE15F5E85B0A09F8CA90CB2A1307B8D /* BottomView.swift in Sources */ = {isa = PBXBuildFile; fileRef = F5474B313220815F4A0F09657910C198 /* BottomView.swift */; };
		515520D186825BD60484307144C924D1 /* BottomView_TableViewDataSource.swift in Sources */ = {isa = PBXBuildFile; fileRef = 9EAB15AC7724B916C8EFBF26F4D953C6 /* BottomView_TableViewDataSource.swift */; };
		56CCDF3572EA9242776B9D3E4639CCA3 /* ContactCollectionViewCell.swift in Sources */ = {isa = PBXBuildFile; fileRef = B7F7E8E5100D3B1446A97FF3E3F08DCA /* ContactCollectionViewCell.swift */; };
		5704FD8BF41BA5E04D8EA6069BF0D41F /* MainCollectionViewController.swift in Sources */ = {isa = PBXBuildFile; fileRef = C63613650B3DE28B46CE75864D99F17E /* MainCollectionViewController.swift */; };
		57D8F4B2E0DADD88BB48AF95D44AB8A7 /* CalendarCollectionViewCell.swift in Sources */ = {isa = PBXBuildFile; fileRef = 07AC3DFB3ADEB243524248FE7C4D5F03 /* CalendarCollectionViewCell.swift */; };
		5AAF5AE05E10FA48CC14ED4D2C1A0080 /* EmojiInputView.swift in Sources */ = {isa = PBXBuildFile; fileRef = AF057C86EEB95213D48E88E3632E0B54 /* EmojiInputView.swift */; };
		5B78CA842F60EF9215F34EA571B7D3FE /* TableViewAutoSystemProtocol.swift in Sources */ = {isa = PBXBuildFile; fileRef = BF8CDEBF8E818DEF64B5D6776B06C8BE /* TableViewAutoSystemProtocol.swift */; };
		5E679FE6F7A82CA07EEA3CB18BBD8A6B /* CalendarDatasource.swift in Sources */ = {isa = PBXBuildFile; fileRef = 4E5D10708DF990E5ACD5A0767710B506 /* CalendarDatasource.swift */; };
		5F5970BBA03574A6A8000B2C33BABF3B /* LoadingView.swift in Sources */ = {isa = PBXBuildFile; fileRef = C11E13907C453A90E713E28285FED0E5 /* LoadingView.swift */; };
		60E4523AE77CBAA3D7CBFAC18B96AFA0 /* DateFormatter_extension.swift in Sources */ = {isa = PBXBuildFile; fileRef = 51DF42E787CA637979BA75A60FED0960 /* DateFormatter_extension.swift */; };
		68005711738DA50C432BCF71535F53D7 /* Font_extension.swift in Sources */ = {isa = PBXBuildFile; fileRef = 03651CAA21D8E91FCE78278FAB4F75E9 /* Font_extension.swift */; };
		6BD0C92237A84F13D76AFBC12A953B01 /* MainCollectionVC_TextFieldDelegate.swift in Sources */ = {isa = PBXBuildFile; fileRef = 50DD8FDB1362F2791C9C435D3DF182F9 /* MainCollectionVC_TextFieldDelegate.swift */; };
		6E42C3E728D3B0926E1760617D47712B /* ContactRecommandTableViewCell.swift in Sources */ = {isa = PBXBuildFile; fileRef = 21970C89961D984C67980E0F4E4F3A22 /* ContactRecommandTableViewCell.swift */; };
		6FFBA285212BBB5E0007A554 /* MainCollectionVC_BottomViewDelegate.swift in Sources */ = {isa = PBXBuildFile; fileRef = 6FFBA284212BBB5E0007A554 /* MainCollectionVC_BottomViewDelegate.swift */; };
		6FFBA28D212BBC1B0007A554 /* EmoTests.swift in Sources */ = {isa = PBXBuildFile; fileRef = 6FFBA28C212BBC1B0007A554 /* EmoTests.swift */; };
		7091491CE74928C15157EBD6A0A2F1C9 /* CalendarRecommandTableViewCell.swift in Sources */ = {isa = PBXBuildFile; fileRef = 140E125F94246A31E28BE0980730CF1B /* CalendarRecommandTableViewCell.swift */; };
		717B1A63C1C97761E7FD43ECAF89415A /* NSRange_extension.swift in Sources */ = {isa = PBXBuildFile; fileRef = A7D6D881B98B96559AB1A53D0C11E299 /* NSRange_extension.swift */; };
		7739EDE77C9CEBD49510FAB5487EF2C3 /* LaunchScreen.storyboard in Resources */ = {isa = PBXBuildFile; fileRef = 309D050B523DE66E1EF8FFD541330B98 /* LaunchScreen.storyboard */; };
		781829494729FD3F5F29CF3A0CD6F95B /* NoteCollectionViewCell.swift in Sources */ = {isa = PBXBuildFile; fileRef = DBD8AC056C9A6C26F970C3F8E314C970 /* NoteCollectionViewCell.swift */; };
		85C5E978B088D777CEFFD61B5B2D60FD /* iOS.swift in Sources */ = {isa = PBXBuildFile; fileRef = E35011B421A261853BC56EA515393EC0 /* iOS.swift */; };
		8A64EE4218C920331FB3ACF641CDFEB6 /* BlockTextView.swift in Sources */ = {isa = PBXBuildFile; fileRef = C53CE68D7B828048F5154C58D1711525 /* BlockTextView.swift */; };
		8F40BCFE6CC27C87028347918DF6D522 /* ReminderDatasource.swift in Sources */ = {isa = PBXBuildFile; fileRef = CA1FEDDD2AAF390FA016F508B6BA866B /* ReminderDatasource.swift */; };
		924A5DFE9A0ECB0A3CDE7E2B5A331EEC /* PasteboardManager.swift in Sources */ = {isa = PBXBuildFile; fileRef = 37B38ECFC674DA7EB6B7CB38096589F0 /* PasteboardManager.swift */; };
		9D89D20E5990816A82030846C9167DDF /* Main.storyboard in Resources */ = {isa = PBXBuildFile; fileRef = 8155EF4BE7AAE5948C1B98B54456C9A2 /* Main.storyboard */; };
		9EE8074E8B036748A086C3C6B4603106 /* NotificationView.xib in Resources */ = {isa = PBXBuildFile; fileRef = 7907FABB81235CCB3D804F39B38808BB /* NotificationView.xib */; };
		9F828DE084F92F5F3A7AD3C7F5DB5DB2 /* Color_extension.swift in Sources */ = {isa = PBXBuildFile; fileRef = A9B4A0C8857C728C508C251C61C24DC9 /* Color_extension.swift */; };
		B0B2F855DAEB56E442966D94209A26B3 /* BottomView_CollectionViewDelegate.swift in Sources */ = {isa = PBXBuildFile; fileRef = FD2D575569DC175C88759A94EA940D64 /* BottomView_CollectionViewDelegate.swift */; };
		B0CE6EC774D7B02BD3531011AB4353CE /* PianoBullet.swift in Sources */ = {isa = PBXBuildFile; fileRef = 3295777E7920C7C53ACB1268B2A1FB9A /* PianoBullet.swift */; };
		B5FD5446FFF27659A82E96550A232BB4 /* BottomView_CollectionViewDataSource.swift in Sources */ = {isa = PBXBuildFile; fileRef = C56FEF53B0E6CC33EB66BDD31F57F392 /* BottomView_CollectionViewDataSource.swift */; };
		C2B8D816C9352CE2F26797736CF57F0A /* Detection.swift in Sources */ = {isa = PBXBuildFile; fileRef = 25960829C9F7A92F71CBD06D9A9830EE /* Detection.swift */; };
		C31F642DCF8994ACFC0315C427B4F6C4 /* GrowingTextView.swift in Sources */ = {isa = PBXBuildFile; fileRef = 4289B5843B46F9627E21E044477E6001 /* GrowingTextView.swift */; };
		C4C20DDA434B5D064C48A69A7921628E /* ContactDatasource.swift in Sources */ = {isa = PBXBuildFile; fileRef = 6076EA28FBBDF313B56D98098A207204 /* ContactDatasource.swift */; };
		C7B12DE7A4A1015AA9B5909F056C2E8D /* UITextView_extension.swift in Sources */ = {isa = PBXBuildFile; fileRef = E8F59B3DDA77A47C0710EAA0B094697D /* UITextView_extension.swift */; };
		CBC6FEFF4CB7CD127A3E9320A9D98834 /* ContextInputView.swift in Sources */ = {isa = PBXBuildFile; fileRef = A1D19CCD0C6CC2940A51467DA1025B4A /* ContextInputView.swift */; };
		CCA225001DF7B36AE2A793057BF9181B /* BottomView_TextViewDelegate.swift in Sources */ = {isa = PBXBuildFile; fileRef = 6508CFB859280BFD3D2C9C96C65F8322 /* BottomView_TextViewDelegate.swift */; };
		D03981E773CFD36C2741E1C15598810E /* MainCollectionVC_CollectionViewDataSource.swift in Sources */ = {isa = PBXBuildFile; fileRef = 7274918C101E745C6DB989A65880FC76 /* MainCollectionVC_CollectionViewDataSource.swift */; };
		D3946496D3976DD501B118F8D8A90587 /* UnicodeScalar_extension.swift in Sources */ = {isa = PBXBuildFile; fileRef = C4197A62CE2ABF8E4C0B04343820A981 /* UnicodeScalar_extension.swift */; };
		DAE5F941C3769C1E81F92105B3771FA1 /* NotificationView.swift in Sources */ = {isa = PBXBuildFile; fileRef = 9FAD6A6DC17FBBDAC15170D9926007DF /* NotificationView.swift */; };
		DC7C3499EC7013DBAFFD2ECA5B728E82 /* AppDelegate.swift in Sources */ = {isa = PBXBuildFile; fileRef = A136D798788A863B74AD713B4C81D5C5 /* AppDelegate.swift */; };
		DF248695B160914830DC619211068851 /* ReminderRecommandTableViewCell.swift in Sources */ = {isa = PBXBuildFile; fileRef = A4874ED21448B211067B00CD7E2439E8 /* ReminderRecommandTableViewCell.swift */; };
		E34E342F941C637B443D5535F3A27554 /* BottomView_TableViewDelegate.swift in Sources */ = {isa = PBXBuildFile; fileRef = 6E492AC0ADAAADDE5E69F9A1DAEBA51C /* BottomView_TableViewDelegate.swift */; };
		EDA9C90074010043C46ADB921BEA1431 /* PhotoCollectionViewCell.swift in Sources */ = {isa = PBXBuildFile; fileRef = A88B9D6ED903EF6BBDC8069D10BEEF73 /* PhotoCollectionViewCell.swift */; };
		F0AF5597B062017A954F80A82289D14C /* UINavigationController_extension.swift in Sources */ = {isa = PBXBuildFile; fileRef = B6B7C07906D0EBA85FEF289037A5C02A /* UINavigationController_extension.swift */; };
		F1501B5F82D22C43BE5925F17FB21AED /* FormAttribute.swift in Sources */ = {isa = PBXBuildFile; fileRef = A50FF09EB8301FF7B9ADDC8B6A3443F3 /* FormAttribute.swift */; };
		F51AFCAF70500FF8B1E3E8BA66742AD9 /* String_extension.swift in Sources */ = {isa = PBXBuildFile; fileRef = 23B897AAE2AFB8FAE704FD37BFE1D4EE /* String_extension.swift */; };
		F57B861227DC6189F1545AAB872DDDA3 /* NSManagedObjectContext_extension.swift in Sources */ = {isa = PBXBuildFile; fileRef = 28484B2221ACD1AFA881B62295DF5F7D /* NSManagedObjectContext_extension.swift */; };
		FC997B520D150CC44C001348B8D2ACA6 /* MainCollectionVC_TextViewDelegate.swift in Sources */ = {isa = PBXBuildFile; fileRef = D88EE5D202930A16E3DDB94963B72C7D /* MainCollectionVC_TextViewDelegate.swift */; };
		FCF2EEC7CD3A3BDA6596D0058B3B3E6D /* NSPersistentContainer_extension.swift in Sources */ = {isa = PBXBuildFile; fileRef = 0D112529D22A5FA64061D28D1961EF2F /* NSPersistentContainer_extension.swift */; };
		FD7828305BBF29D2A44F9256EAAA60BE /* TitleView.swift in Sources */ = {isa = PBXBuildFile; fileRef = F2B44C8677A8185112030D2B0A2A2892 /* TitleView.swift */; };
		FF28143A90285A086B172095128EAB47 /* BottomView_Keyboard.swift in Sources */ = {isa = PBXBuildFile; fileRef = 474589DCB8E9CE1B8902093C73B5D31E /* BottomView_Keyboard.swift */; };
		FF43CFD00C49CCA57C6625D2876D7E8B /* MainCollectionVC_CollectionViewDelegate.swift in Sources */ = {isa = PBXBuildFile; fileRef = 07D7488DDE0CA5198C9270C6C7A33FD4 /* MainCollectionVC_CollectionViewDelegate.swift */; };
/* End PBXBuildFile section */

/* Begin PBXContainerItemProxy section */
		6FFBA28F212BBC1B0007A554 /* PBXContainerItemProxy */ = {
			isa = PBXContainerItemProxy;
			containerPortal = 80E9A0265AC1DCC096E39FD22DD1A9D1 /* Project object */;
			proxyType = 1;
			remoteGlobalIDString = 01A51839F3C9E75118429E853EC91F35;
			remoteInfo = Emo;
		};
/* End PBXContainerItemProxy section */

/* Begin PBXFileReference section */
		03651CAA21D8E91FCE78278FAB4F75E9 /* Font_extension.swift */ = {isa = PBXFileReference; fileEncoding = 4; lastKnownFileType = sourcecode.swift; path = Font_extension.swift; sourceTree = "<group>"; };
		07AC3DFB3ADEB243524248FE7C4D5F03 /* CalendarCollectionViewCell.swift */ = {isa = PBXFileReference; fileEncoding = 4; lastKnownFileType = sourcecode.swift; path = CalendarCollectionViewCell.swift; sourceTree = "<group>"; };
		07D7488DDE0CA5198C9270C6C7A33FD4 /* MainCollectionVC_CollectionViewDelegate.swift */ = {isa = PBXFileReference; fileEncoding = 4; lastKnownFileType = sourcecode.swift; path = MainCollectionVC_CollectionViewDelegate.swift; sourceTree = "<group>"; };
		0D112529D22A5FA64061D28D1961EF2F /* NSPersistentContainer_extension.swift */ = {isa = PBXFileReference; fileEncoding = 4; lastKnownFileType = sourcecode.swift; path = NSPersistentContainer_extension.swift; sourceTree = "<group>"; };
		0DC1FAB700384EE595522C290F6AAC6F /* Base */ = {isa = PBXFileReference; lastKnownFileType = file.storyboard; name = Base; path = Base.lproj/Main.storyboard; sourceTree = "<group>"; };
		1250B0B76832E1C509234AF97CAF482D /* BottomView_Action.swift */ = {isa = PBXFileReference; fileEncoding = 4; lastKnownFileType = sourcecode.swift; path = BottomView_Action.swift; sourceTree = "<group>"; };
		140E125F94246A31E28BE0980730CF1B /* CalendarRecommandTableViewCell.swift */ = {isa = PBXFileReference; fileEncoding = 4; lastKnownFileType = sourcecode.swift; path = CalendarRecommandTableViewCell.swift; sourceTree = "<group>"; };
		21970C89961D984C67980E0F4E4F3A22 /* ContactRecommandTableViewCell.swift */ = {isa = PBXFileReference; fileEncoding = 4; lastKnownFileType = sourcecode.swift; path = ContactRecommandTableViewCell.swift; sourceTree = "<group>"; };
		23B897AAE2AFB8FAE704FD37BFE1D4EE /* String_extension.swift */ = {isa = PBXFileReference; fileEncoding = 4; lastKnownFileType = sourcecode.swift; path = String_extension.swift; sourceTree = "<group>"; };
		25960829C9F7A92F71CBD06D9A9830EE /* Detection.swift */ = {isa = PBXFileReference; fileEncoding = 4; lastKnownFileType = sourcecode.swift; path = Detection.swift; sourceTree = "<group>"; };
		28484B2221ACD1AFA881B62295DF5F7D /* NSManagedObjectContext_extension.swift */ = {isa = PBXFileReference; fileEncoding = 4; lastKnownFileType = sourcecode.swift; path = NSManagedObjectContext_extension.swift; sourceTree = "<group>"; };
		299DD96092ACDBBC9D94FF8CA0890A97 /* Piano.xcdatamodel */ = {isa = PBXFileReference; lastKnownFileType = wrapper.xcdatamodel; path = Piano.xcdatamodel; sourceTree = "<group>"; };
		3295777E7920C7C53ACB1268B2A1FB9A /* PianoBullet.swift */ = {isa = PBXFileReference; fileEncoding = 4; lastKnownFileType = sourcecode.swift; path = PianoBullet.swift; sourceTree = "<group>"; };
		3773487C367A475A8DB66F3BD209C656 /* View_extension.swift */ = {isa = PBXFileReference; fileEncoding = 4; lastKnownFileType = sourcecode.swift; path = View_extension.swift; sourceTree = "<group>"; };
		37B38ECFC674DA7EB6B7CB38096589F0 /* PasteboardManager.swift */ = {isa = PBXFileReference; fileEncoding = 4; lastKnownFileType = sourcecode.swift; path = PasteboardManager.swift; sourceTree = "<group>"; };
		3A48B20C358B44E017833D897E25CD20 /* HighlightData.swift */ = {isa = PBXFileReference; fileEncoding = 4; lastKnownFileType = sourcecode.swift; path = HighlightData.swift; sourceTree = "<group>"; };
		4289B5843B46F9627E21E044477E6001 /* GrowingTextView.swift */ = {isa = PBXFileReference; fileEncoding = 4; lastKnownFileType = sourcecode.swift; path = GrowingTextView.swift; sourceTree = "<group>"; };
		474589DCB8E9CE1B8902093C73B5D31E /* BottomView_Keyboard.swift */ = {isa = PBXFileReference; fileEncoding = 4; lastKnownFileType = sourcecode.swift; path = BottomView_Keyboard.swift; sourceTree = "<group>"; };
		4CCA6613AC92F38D1E765790B7216CAA /* ThemeManager.swift */ = {isa = PBXFileReference; fileEncoding = 4; lastKnownFileType = sourcecode.swift; path = ThemeManager.swift; sourceTree = "<group>"; };
		4E5D10708DF990E5ACD5A0767710B506 /* CalendarDatasource.swift */ = {isa = PBXFileReference; fileEncoding = 4; lastKnownFileType = sourcecode.swift; path = CalendarDatasource.swift; sourceTree = "<group>"; };
		50DD8FDB1362F2791C9C435D3DF182F9 /* MainCollectionVC_TextFieldDelegate.swift */ = {isa = PBXFileReference; fileEncoding = 4; lastKnownFileType = sourcecode.swift; path = MainCollectionVC_TextFieldDelegate.swift; sourceTree = "<group>"; };
		51DF42E787CA637979BA75A60FED0960 /* DateFormatter_extension.swift */ = {isa = PBXFileReference; fileEncoding = 4; lastKnownFileType = sourcecode.swift; path = DateFormatter_extension.swift; sourceTree = "<group>"; };
		6076EA28FBBDF313B56D98098A207204 /* ContactDatasource.swift */ = {isa = PBXFileReference; fileEncoding = 4; lastKnownFileType = sourcecode.swift; path = ContactDatasource.swift; sourceTree = "<group>"; };
		6508CFB859280BFD3D2C9C96C65F8322 /* BottomView_TextViewDelegate.swift */ = {isa = PBXFileReference; fileEncoding = 4; lastKnownFileType = sourcecode.swift; path = BottomView_TextViewDelegate.swift; sourceTree = "<group>"; };
		6E492AC0ADAAADDE5E69F9A1DAEBA51C /* BottomView_TableViewDelegate.swift */ = {isa = PBXFileReference; fileEncoding = 4; lastKnownFileType = sourcecode.swift; path = BottomView_TableViewDelegate.swift; sourceTree = "<group>"; };
		6FFBA284212BBB5E0007A554 /* MainCollectionVC_BottomViewDelegate.swift */ = {isa = PBXFileReference; lastKnownFileType = sourcecode.swift; path = MainCollectionVC_BottomViewDelegate.swift; sourceTree = "<group>"; };
		6FFBA28A212BBC1B0007A554 /* EmoTests.xctest */ = {isa = PBXFileReference; explicitFileType = wrapper.cfbundle; includeInIndex = 0; path = EmoTests.xctest; sourceTree = BUILT_PRODUCTS_DIR; };
		6FFBA28C212BBC1B0007A554 /* EmoTests.swift */ = {isa = PBXFileReference; lastKnownFileType = sourcecode.swift; path = EmoTests.swift; sourceTree = "<group>"; };
		6FFBA28E212BBC1B0007A554 /* Info.plist */ = {isa = PBXFileReference; lastKnownFileType = text.plist.xml; path = Info.plist; sourceTree = "<group>"; };
		7274918C101E745C6DB989A65880FC76 /* MainCollectionVC_CollectionViewDataSource.swift */ = {isa = PBXFileReference; fileEncoding = 4; lastKnownFileType = sourcecode.swift; path = MainCollectionVC_CollectionViewDataSource.swift; sourceTree = "<group>"; };
		7907FABB81235CCB3D804F39B38808BB /* NotificationView.xib */ = {isa = PBXFileReference; fileEncoding = 4; lastKnownFileType = file.xib; path = NotificationView.xib; sourceTree = "<group>"; };
		9EAB15AC7724B916C8EFBF26F4D953C6 /* BottomView_TableViewDataSource.swift */ = {isa = PBXFileReference; fileEncoding = 4; lastKnownFileType = sourcecode.swift; path = BottomView_TableViewDataSource.swift; sourceTree = "<group>"; };
		9FAD6A6DC17FBBDAC15170D9926007DF /* NotificationView.swift */ = {isa = PBXFileReference; fileEncoding = 4; lastKnownFileType = sourcecode.swift; path = NotificationView.swift; sourceTree = "<group>"; };
		A136D798788A863B74AD713B4C81D5C5 /* AppDelegate.swift */ = {isa = PBXFileReference; fileEncoding = 4; lastKnownFileType = sourcecode.swift; path = AppDelegate.swift; sourceTree = "<group>"; };
		A1D19CCD0C6CC2940A51467DA1025B4A /* ContextInputView.swift */ = {isa = PBXFileReference; fileEncoding = 4; lastKnownFileType = sourcecode.swift; path = ContextInputView.swift; sourceTree = "<group>"; };
		A4874ED21448B211067B00CD7E2439E8 /* ReminderRecommandTableViewCell.swift */ = {isa = PBXFileReference; fileEncoding = 4; lastKnownFileType = sourcecode.swift; path = ReminderRecommandTableViewCell.swift; sourceTree = "<group>"; };
		A50FF09EB8301FF7B9ADDC8B6A3443F3 /* FormAttribute.swift */ = {isa = PBXFileReference; fileEncoding = 4; lastKnownFileType = sourcecode.swift; path = FormAttribute.swift; sourceTree = "<group>"; };
		A7D6D881B98B96559AB1A53D0C11E299 /* NSRange_extension.swift */ = {isa = PBXFileReference; fileEncoding = 4; lastKnownFileType = sourcecode.swift; path = NSRange_extension.swift; sourceTree = "<group>"; };
		A88B9D6ED903EF6BBDC8069D10BEEF73 /* PhotoCollectionViewCell.swift */ = {isa = PBXFileReference; fileEncoding = 4; lastKnownFileType = sourcecode.swift; path = PhotoCollectionViewCell.swift; sourceTree = "<group>"; };
		A9B4A0C8857C728C508C251C61C24DC9 /* Color_extension.swift */ = {isa = PBXFileReference; fileEncoding = 4; lastKnownFileType = sourcecode.swift; path = Color_extension.swift; sourceTree = "<group>"; };
		A9CB04FAAAE18E2445431CA576292145 /* MainCollectionVC_Action.swift */ = {isa = PBXFileReference; fileEncoding = 4; lastKnownFileType = sourcecode.swift; path = MainCollectionVC_Action.swift; sourceTree = "<group>"; };
		AAC49C28E6DF7CE43378FF6E1A72837E /* LoadingView.xib */ = {isa = PBXFileReference; fileEncoding = 4; lastKnownFileType = file.xib; path = LoadingView.xib; sourceTree = "<group>"; };
		AF057C86EEB95213D48E88E3632E0B54 /* EmojiInputView.swift */ = {isa = PBXFileReference; fileEncoding = 4; lastKnownFileType = sourcecode.swift; path = EmojiInputView.swift; sourceTree = "<group>"; };
		B6AA87592CE6588FFD9D9F1DAE992D6A /* Base */ = {isa = PBXFileReference; lastKnownFileType = file.storyboard; name = Base; path = Base.lproj/LaunchScreen.storyboard; sourceTree = "<group>"; };
		B6B7C07906D0EBA85FEF289037A5C02A /* UINavigationController_extension.swift */ = {isa = PBXFileReference; fileEncoding = 4; lastKnownFileType = sourcecode.swift; path = UINavigationController_extension.swift; sourceTree = "<group>"; };
		B7F7E8E5100D3B1446A97FF3E3F08DCA /* ContactCollectionViewCell.swift */ = {isa = PBXFileReference; fileEncoding = 4; lastKnownFileType = sourcecode.swift; path = ContactCollectionViewCell.swift; sourceTree = "<group>"; };
		BBF264436038859C83DB7495CD82B695 /* Info.plist */ = {isa = PBXFileReference; fileEncoding = 4; lastKnownFileType = text.plist.xml; path = Info.plist; sourceTree = "<group>"; };
		BC02138ABD92DE12E1C7765D3AB247CB /* NoteDetailViewController.swift */ = {isa = PBXFileReference; fileEncoding = 4; lastKnownFileType = sourcecode.swift; path = NoteDetailViewController.swift; sourceTree = "<group>"; };
		BF8CDEBF8E818DEF64B5D6776B06C8BE /* TableViewAutoSystemProtocol.swift */ = {isa = PBXFileReference; fileEncoding = 4; lastKnownFileType = sourcecode.swift; path = TableViewAutoSystemProtocol.swift; sourceTree = "<group>"; };
		C11E13907C453A90E713E28285FED0E5 /* LoadingView.swift */ = {isa = PBXFileReference; fileEncoding = 4; lastKnownFileType = sourcecode.swift; path = LoadingView.swift; sourceTree = "<group>"; };
		C4197A62CE2ABF8E4C0B04343820A981 /* UnicodeScalar_extension.swift */ = {isa = PBXFileReference; fileEncoding = 4; lastKnownFileType = sourcecode.swift; path = UnicodeScalar_extension.swift; sourceTree = "<group>"; };
		C53CE68D7B828048F5154C58D1711525 /* BlockTextView.swift */ = {isa = PBXFileReference; fileEncoding = 4; lastKnownFileType = sourcecode.swift; path = BlockTextView.swift; sourceTree = "<group>"; };
		C56FEF53B0E6CC33EB66BDD31F57F392 /* BottomView_CollectionViewDataSource.swift */ = {isa = PBXFileReference; fileEncoding = 4; lastKnownFileType = sourcecode.swift; path = BottomView_CollectionViewDataSource.swift; sourceTree = "<group>"; };
		C63613650B3DE28B46CE75864D99F17E /* MainCollectionViewController.swift */ = {isa = PBXFileReference; fileEncoding = 4; lastKnownFileType = sourcecode.swift; path = MainCollectionViewController.swift; sourceTree = "<group>"; };
		CA1FEDDD2AAF390FA016F508B6BA866B /* ReminderDatasource.swift */ = {isa = PBXFileReference; fileEncoding = 4; lastKnownFileType = sourcecode.swift; path = ReminderDatasource.swift; sourceTree = "<group>"; };
		CBF8EC11660663D75A1022BE5482A69D /* ReminderCollectionViewCell.swift */ = {isa = PBXFileReference; fileEncoding = 4; lastKnownFileType = sourcecode.swift; path = ReminderCollectionViewCell.swift; sourceTree = "<group>"; };
		D7EDBB712A3719D056BE8787AFD4AA6F /* StoreService.swift */ = {isa = PBXFileReference; fileEncoding = 4; lastKnownFileType = sourcecode.swift; path = StoreService.swift; sourceTree = "<group>"; };
		D88EE5D202930A16E3DDB94963B72C7D /* MainCollectionVC_TextViewDelegate.swift */ = {isa = PBXFileReference; fileEncoding = 4; lastKnownFileType = sourcecode.swift; path = MainCollectionVC_TextViewDelegate.swift; sourceTree = "<group>"; };
		DBD8AC056C9A6C26F970C3F8E314C970 /* NoteCollectionViewCell.swift */ = {isa = PBXFileReference; fileEncoding = 4; lastKnownFileType = sourcecode.swift; path = NoteCollectionViewCell.swift; sourceTree = "<group>"; };
		DD7F7A84E872ABA79CDCAF02E8EEE356 /* BlockType.swift */ = {isa = PBXFileReference; fileEncoding = 4; lastKnownFileType = sourcecode.swift; path = BlockType.swift; sourceTree = "<group>"; };
		E35011B421A261853BC56EA515393EC0 /* iOS.swift */ = {isa = PBXFileReference; fileEncoding = 4; lastKnownFileType = sourcecode.swift; path = iOS.swift; sourceTree = "<group>"; };
		E8F59B3DDA77A47C0710EAA0B094697D /* UITextView_extension.swift */ = {isa = PBXFileReference; fileEncoding = 4; lastKnownFileType = sourcecode.swift; path = UITextView_extension.swift; sourceTree = "<group>"; };
		ED1DC83147EB5473B7B48E1BC73C6A7E /* Emo.app */ = {isa = PBXFileReference; explicitFileType = wrapper.application; includeInIndex = 0; path = Emo.app; sourceTree = BUILT_PRODUCTS_DIR; };
		F2B44C8677A8185112030D2B0A2A2892 /* TitleView.swift */ = {isa = PBXFileReference; fileEncoding = 4; lastKnownFileType = sourcecode.swift; path = TitleView.swift; sourceTree = "<group>"; };
		F5474B313220815F4A0F09657910C198 /* BottomView.swift */ = {isa = PBXFileReference; fileEncoding = 4; lastKnownFileType = sourcecode.swift; path = BottomView.swift; sourceTree = "<group>"; };
		FC2B9DC4F603DA17D67A9B33EA2EF786 /* Assets.xcassets */ = {isa = PBXFileReference; lastKnownFileType = folder.assetcatalog; path = Assets.xcassets; sourceTree = "<group>"; };
		FD2D575569DC175C88759A94EA940D64 /* BottomView_CollectionViewDelegate.swift */ = {isa = PBXFileReference; fileEncoding = 4; lastKnownFileType = sourcecode.swift; path = BottomView_CollectionViewDelegate.swift; sourceTree = "<group>"; };
/* End PBXFileReference section */

/* Begin PBXFrameworksBuildPhase section */
		08062DB55CEA054172F5B90B612BEFB8 /* Frameworks */ = {
			isa = PBXFrameworksBuildPhase;
			buildActionMask = 2147483647;
			files = (
			);
			runOnlyForDeploymentPostprocessing = 0;
		};
		6FFBA287212BBC1B0007A554 /* Frameworks */ = {
			isa = PBXFrameworksBuildPhase;
			buildActionMask = 2147483647;
			files = (
			);
			runOnlyForDeploymentPostprocessing = 0;
		};
/* End PBXFrameworksBuildPhase section */

/* Begin PBXGroup section */
		13964A5BF4C78912280B0A5DEEE09F19 /* ContextDatasource */ = {
			isa = PBXGroup;
			children = (
				4E5D10708DF990E5ACD5A0767710B506 /* CalendarDatasource.swift */,
				6076EA28FBBDF313B56D98098A207204 /* ContactDatasource.swift */,
				CA1FEDDD2AAF390FA016F508B6BA866B /* ReminderDatasource.swift */,
			);
			path = ContextDatasource;
			sourceTree = "<group>";
		};
		17EFBF8A279C822531AC15C5600DDF87 = {
			isa = PBXGroup;
			children = (
				26DAA4990B2E7895574A08B73B1703E7 /* Emo */,
				6FFBA28B212BBC1B0007A554 /* EmoTests */,
				F772F4EE962F72A018B2E58E49F4392D /* Products */,
			);
			sourceTree = "<group>";
		};
		1C71F74151E5D2DB550A9F3738B2ABC0 /* Common */ = {
			isa = PBXGroup;
			children = (
				A50FF09EB8301FF7B9ADDC8B6A3443F3 /* FormAttribute.swift */,
				37B38ECFC674DA7EB6B7CB38096589F0 /* PasteboardManager.swift */,
				3295777E7920C7C53ACB1268B2A1FB9A /* PianoBullet.swift */,
				4CCA6613AC92F38D1E765790B7216CAA /* ThemeManager.swift */,
			);
			path = Common;
			sourceTree = "<group>";
		};
		26DAA4990B2E7895574A08B73B1703E7 /* Emo */ = {
			isa = PBXGroup;
			children = (
				1C71F74151E5D2DB550A9F3738B2ABC0 /* Common */,
				F37FDF66BE58D9D2934B7C376CE08DBE /* Extension */,
				416159791EDEB7B45DBE4590850F096A /* Model */,
				5F4E3534AD52AD40EA2EE3268727DE2C /* PlatformConvertible */,
				6CBFD8E5ABE4EA60BB4C2525D625F520 /* Protocol */,
				615420A29808CD0A07ADDBA42239F29E /* Util */,
				7A3036E1EFFF674A08A19CCBF53C095C /* View */,
				9EE506E993AF2037E8A9E86FFA0F8547 /* ViewController */,
				A136D798788A863B74AD713B4C81D5C5 /* AppDelegate.swift */,
				FC2B9DC4F603DA17D67A9B33EA2EF786 /* Assets.xcassets */,
				CDE1E686450B01BAFCD099305ADDD471 /* Emo.xcdatamodeld */,
				BBF264436038859C83DB7495CD82B695 /* Info.plist */,
				309D050B523DE66E1EF8FFD541330B98 /* LaunchScreen.storyboard */,
				8155EF4BE7AAE5948C1B98B54456C9A2 /* Main.storyboard */,
			);
			path = Emo;
			sourceTree = "<group>";
		};
		416159791EDEB7B45DBE4590850F096A /* Model */ = {
			isa = PBXGroup;
			children = (
				8A46A2F900791C544442FC18A19DAA4E /* Core */,
				3A48B20C358B44E017833D897E25CD20 /* HighlightData.swift */,
			);
			path = Model;
			sourceTree = "<group>";
		};
		42658F8427A6D49E28ECCD55CDE78B03 /* MainCollectionVC */ = {
			isa = PBXGroup;
			children = (
				A9CB04FAAAE18E2445431CA576292145 /* MainCollectionVC_Action.swift */,
				7274918C101E745C6DB989A65880FC76 /* MainCollectionVC_CollectionViewDataSource.swift */,
				07D7488DDE0CA5198C9270C6C7A33FD4 /* MainCollectionVC_CollectionViewDelegate.swift */,
				50DD8FDB1362F2791C9C435D3DF182F9 /* MainCollectionVC_TextFieldDelegate.swift */,
				D88EE5D202930A16E3DDB94963B72C7D /* MainCollectionVC_TextViewDelegate.swift */,
				C63613650B3DE28B46CE75864D99F17E /* MainCollectionViewController.swift */,
				6FFBA284212BBB5E0007A554 /* MainCollectionVC_BottomViewDelegate.swift */,
			);
			path = MainCollectionVC;
			sourceTree = "<group>";
		};
		522318549A377697A455A05F5FBE2165 /* BottomView */ = {
			isa = PBXGroup;
			children = (
				F5474B313220815F4A0F09657910C198 /* BottomView.swift */,
				1250B0B76832E1C509234AF97CAF482D /* BottomView_Action.swift */,
				C56FEF53B0E6CC33EB66BDD31F57F392 /* BottomView_CollectionViewDataSource.swift */,
				FD2D575569DC175C88759A94EA940D64 /* BottomView_CollectionViewDelegate.swift */,
				474589DCB8E9CE1B8902093C73B5D31E /* BottomView_Keyboard.swift */,
				9EAB15AC7724B916C8EFBF26F4D953C6 /* BottomView_TableViewDataSource.swift */,
				6E492AC0ADAAADDE5E69F9A1DAEBA51C /* BottomView_TableViewDelegate.swift */,
				6508CFB859280BFD3D2C9C96C65F8322 /* BottomView_TextViewDelegate.swift */,
			);
			path = BottomView;
			sourceTree = "<group>";
		};
		5F4E3534AD52AD40EA2EE3268727DE2C /* PlatformConvertible */ = {
			isa = PBXGroup;
			children = (
				E35011B421A261853BC56EA515393EC0 /* iOS.swift */,
			);
			path = PlatformConvertible;
			sourceTree = "<group>";
		};
		615420A29808CD0A07ADDBA42239F29E /* Util */ = {
			isa = PBXGroup;
			children = (
				D7EDBB712A3719D056BE8787AFD4AA6F /* StoreService.swift */,
			);
			path = Util;
			sourceTree = "<group>";
		};
		6CBFD8E5ABE4EA60BB4C2525D625F520 /* Protocol */ = {
			isa = PBXGroup;
			children = (
				DD7F7A84E872ABA79CDCAF02E8EEE356 /* BlockType.swift */,
				25960829C9F7A92F71CBD06D9A9830EE /* Detection.swift */,
				BF8CDEBF8E818DEF64B5D6776B06C8BE /* TableViewAutoSystemProtocol.swift */,
			);
			path = Protocol;
			sourceTree = "<group>";
		};
		6FFBA28B212BBC1B0007A554 /* EmoTests */ = {
			isa = PBXGroup;
			children = (
				6FFBA28C212BBC1B0007A554 /* EmoTests.swift */,
				6FFBA28E212BBC1B0007A554 /* Info.plist */,
			);
			path = EmoTests;
			sourceTree = "<group>";
		};
		7A3036E1EFFF674A08A19CCBF53C095C /* View */ = {
			isa = PBXGroup;
			children = (
				522318549A377697A455A05F5FBE2165 /* BottomView */,
				AFD210E1A32E867C16EAB49BC47E3C1E /* Common */,
				AEEF80E43DF7034AF74CACE5E44B4058 /* MainCollectionViewCell */,
				8D5770FBA220DE192616EC85430A848E /* RecommendTableViewCell */,
				C53CE68D7B828048F5154C58D1711525 /* BlockTextView.swift */,
				A1D19CCD0C6CC2940A51467DA1025B4A /* ContextInputView.swift */,
				AF057C86EEB95213D48E88E3632E0B54 /* EmojiInputView.swift */,
				4289B5843B46F9627E21E044477E6001 /* GrowingTextView.swift */,
				F2B44C8677A8185112030D2B0A2A2892 /* TitleView.swift */,
			);
			path = View;
			sourceTree = "<group>";
		};
		8A46A2F900791C544442FC18A19DAA4E /* Core */ = {
			isa = PBXGroup;
			children = (
				28484B2221ACD1AFA881B62295DF5F7D /* NSManagedObjectContext_extension.swift */,
				0D112529D22A5FA64061D28D1961EF2F /* NSPersistentContainer_extension.swift */,
			);
			path = Core;
			sourceTree = "<group>";
		};
		8D5770FBA220DE192616EC85430A848E /* RecommendTableViewCell */ = {
			isa = PBXGroup;
			children = (
				140E125F94246A31E28BE0980730CF1B /* CalendarRecommandTableViewCell.swift */,
				21970C89961D984C67980E0F4E4F3A22 /* ContactRecommandTableViewCell.swift */,
				A4874ED21448B211067B00CD7E2439E8 /* ReminderRecommandTableViewCell.swift */,
			);
			path = RecommendTableViewCell;
			sourceTree = "<group>";
		};
		9EE506E993AF2037E8A9E86FFA0F8547 /* ViewController */ = {
			isa = PBXGroup;
			children = (
				13964A5BF4C78912280B0A5DEEE09F19 /* ContextDatasource */,
				42658F8427A6D49E28ECCD55CDE78B03 /* MainCollectionVC */,
				BC02138ABD92DE12E1C7765D3AB247CB /* NoteDetailViewController.swift */,
			);
			path = ViewController;
			sourceTree = "<group>";
		};
		AEEF80E43DF7034AF74CACE5E44B4058 /* MainCollectionViewCell */ = {
			isa = PBXGroup;
			children = (
				07AC3DFB3ADEB243524248FE7C4D5F03 /* CalendarCollectionViewCell.swift */,
				B7F7E8E5100D3B1446A97FF3E3F08DCA /* ContactCollectionViewCell.swift */,
				DBD8AC056C9A6C26F970C3F8E314C970 /* NoteCollectionViewCell.swift */,
				A88B9D6ED903EF6BBDC8069D10BEEF73 /* PhotoCollectionViewCell.swift */,
				CBF8EC11660663D75A1022BE5482A69D /* ReminderCollectionViewCell.swift */,
			);
			path = MainCollectionViewCell;
			sourceTree = "<group>";
		};
		AFD210E1A32E867C16EAB49BC47E3C1E /* Common */ = {
			isa = PBXGroup;
			children = (
				C11E13907C453A90E713E28285FED0E5 /* LoadingView.swift */,
				AAC49C28E6DF7CE43378FF6E1A72837E /* LoadingView.xib */,
				9FAD6A6DC17FBBDAC15170D9926007DF /* NotificationView.swift */,
				7907FABB81235CCB3D804F39B38808BB /* NotificationView.xib */,
			);
			path = Common;
			sourceTree = "<group>";
		};
		F37FDF66BE58D9D2934B7C376CE08DBE /* Extension */ = {
			isa = PBXGroup;
			children = (
				A9B4A0C8857C728C508C251C61C24DC9 /* Color_extension.swift */,
				51DF42E787CA637979BA75A60FED0960 /* DateFormatter_extension.swift */,
				03651CAA21D8E91FCE78278FAB4F75E9 /* Font_extension.swift */,
				A7D6D881B98B96559AB1A53D0C11E299 /* NSRange_extension.swift */,
				23B897AAE2AFB8FAE704FD37BFE1D4EE /* String_extension.swift */,
				B6B7C07906D0EBA85FEF289037A5C02A /* UINavigationController_extension.swift */,
				E8F59B3DDA77A47C0710EAA0B094697D /* UITextView_extension.swift */,
				C4197A62CE2ABF8E4C0B04343820A981 /* UnicodeScalar_extension.swift */,
				3773487C367A475A8DB66F3BD209C656 /* View_extension.swift */,
			);
			path = Extension;
			sourceTree = "<group>";
		};
		F772F4EE962F72A018B2E58E49F4392D /* Products */ = {
			isa = PBXGroup;
			children = (
				ED1DC83147EB5473B7B48E1BC73C6A7E /* Emo.app */,
				6FFBA28A212BBC1B0007A554 /* EmoTests.xctest */,
			);
			name = Products;
			sourceTree = "<group>";
		};
/* End PBXGroup section */

/* Begin PBXNativeTarget section */
		01A51839F3C9E75118429E853EC91F35 /* Emo */ = {
			isa = PBXNativeTarget;
			buildConfigurationList = 070808F8361BF2BC79E59C01979D20E9 /* Build configuration list for PBXNativeTarget "Emo" */;
			buildPhases = (
				E0A6EE3CA7156B8CCA7940726C3BBF8C /* Sources */,
				08062DB55CEA054172F5B90B612BEFB8 /* Frameworks */,
				D3BBCD8206DCC3CAA6D31F1A81B7103D /* Resources */,
			);
			buildRules = (
			);
			dependencies = (
			);
			name = Emo;
			productName = Emo;
			productReference = ED1DC83147EB5473B7B48E1BC73C6A7E /* Emo.app */;
			productType = "com.apple.product-type.application";
		};
		6FFBA289212BBC1B0007A554 /* EmoTests */ = {
			isa = PBXNativeTarget;
			buildConfigurationList = 6FFBA291212BBC1B0007A554 /* Build configuration list for PBXNativeTarget "EmoTests" */;
			buildPhases = (
				6FFBA286212BBC1B0007A554 /* Sources */,
				6FFBA287212BBC1B0007A554 /* Frameworks */,
				6FFBA288212BBC1B0007A554 /* Resources */,
			);
			buildRules = (
			);
			dependencies = (
				6FFBA290212BBC1B0007A554 /* PBXTargetDependency */,
			);
			name = EmoTests;
			productName = EmoTests;
			productReference = 6FFBA28A212BBC1B0007A554 /* EmoTests.xctest */;
			productType = "com.apple.product-type.bundle.unit-test";
		};
/* End PBXNativeTarget section */

/* Begin PBXProject section */
		80E9A0265AC1DCC096E39FD22DD1A9D1 /* Project object */ = {
			isa = PBXProject;
			attributes = {
				LastSwiftUpdateCheck = 0940;
				LastUpgradeCheck = 0940;
				ORGANIZATIONNAME = Piano;
				TargetAttributes = {
					01A51839F3C9E75118429E853EC91F35 = {
						CreatedOnToolsVersion = 9.4.1;
					};
					6FFBA289212BBC1B0007A554 = {
						CreatedOnToolsVersion = 9.4.1;
						TestTargetID = 01A51839F3C9E75118429E853EC91F35;
					};
				};
			};
			buildConfigurationList = 84657721AAAB89A4259C0396EC9ADFD0 /* Build configuration list for PBXProject "Emo" */;
			compatibilityVersion = "Xcode 9.3";
			developmentRegion = en;
			hasScannedForEncodings = 0;
			knownRegions = (
				en,
				Base,
			);
			mainGroup = 17EFBF8A279C822531AC15C5600DDF87;
			productRefGroup = F772F4EE962F72A018B2E58E49F4392D /* Products */;
			projectDirPath = "";
			projectRoot = "";
			targets = (
				01A51839F3C9E75118429E853EC91F35 /* Emo */,
				6FFBA289212BBC1B0007A554 /* EmoTests */,
			);
		};
/* End PBXProject section */

/* Begin PBXResourcesBuildPhase section */
		6FFBA288212BBC1B0007A554 /* Resources */ = {
			isa = PBXResourcesBuildPhase;
			buildActionMask = 2147483647;
			files = (
			);
			runOnlyForDeploymentPostprocessing = 0;
		};
		D3BBCD8206DCC3CAA6D31F1A81B7103D /* Resources */ = {
			isa = PBXResourcesBuildPhase;
			buildActionMask = 2147483647;
			files = (
				2247D0E3EAC6A853B3B6382E4AB33B82 /* Assets.xcassets in Resources */,
				7739EDE77C9CEBD49510FAB5487EF2C3 /* LaunchScreen.storyboard in Resources */,
				311A485696241F2621CDE6C36A8F495F /* LoadingView.xib in Resources */,
				9D89D20E5990816A82030846C9167DDF /* Main.storyboard in Resources */,
				9EE8074E8B036748A086C3C6B4603106 /* NotificationView.xib in Resources */,
			);
			runOnlyForDeploymentPostprocessing = 0;
		};
/* End PBXResourcesBuildPhase section */

/* Begin PBXSourcesBuildPhase section */
		6FFBA286212BBC1B0007A554 /* Sources */ = {
			isa = PBXSourcesBuildPhase;
			buildActionMask = 2147483647;
			files = (
				6FFBA28D212BBC1B0007A554 /* EmoTests.swift in Sources */,
			);
			runOnlyForDeploymentPostprocessing = 0;
		};
		E0A6EE3CA7156B8CCA7940726C3BBF8C /* Sources */ = {
			isa = PBXSourcesBuildPhase;
			buildActionMask = 2147483647;
			files = (
				DC7C3499EC7013DBAFFD2ECA5B728E82 /* AppDelegate.swift in Sources */,
				8A64EE4218C920331FB3ACF641CDFEB6 /* BlockTextView.swift in Sources */,
				0F9E28EF6AE8A5EDA9B82A79B7493ABB /* BlockType.swift in Sources */,
				4FE15F5E85B0A09F8CA90CB2A1307B8D /* BottomView.swift in Sources */,
				191BE7A7441787EB4E516DE4D9469CCD /* BottomView_Action.swift in Sources */,
				B5FD5446FFF27659A82E96550A232BB4 /* BottomView_CollectionViewDataSource.swift in Sources */,
				B0B2F855DAEB56E442966D94209A26B3 /* BottomView_CollectionViewDelegate.swift in Sources */,
				FF28143A90285A086B172095128EAB47 /* BottomView_Keyboard.swift in Sources */,
				515520D186825BD60484307144C924D1 /* BottomView_TableViewDataSource.swift in Sources */,
				E34E342F941C637B443D5535F3A27554 /* BottomView_TableViewDelegate.swift in Sources */,
				CCA225001DF7B36AE2A793057BF9181B /* BottomView_TextViewDelegate.swift in Sources */,
				57D8F4B2E0DADD88BB48AF95D44AB8A7 /* CalendarCollectionViewCell.swift in Sources */,
				5E679FE6F7A82CA07EEA3CB18BBD8A6B /* CalendarDatasource.swift in Sources */,
				7091491CE74928C15157EBD6A0A2F1C9 /* CalendarRecommandTableViewCell.swift in Sources */,
				9F828DE084F92F5F3A7AD3C7F5DB5DB2 /* Color_extension.swift in Sources */,
				56CCDF3572EA9242776B9D3E4639CCA3 /* ContactCollectionViewCell.swift in Sources */,
				C4C20DDA434B5D064C48A69A7921628E /* ContactDatasource.swift in Sources */,
				6E42C3E728D3B0926E1760617D47712B /* ContactRecommandTableViewCell.swift in Sources */,
				CBC6FEFF4CB7CD127A3E9320A9D98834 /* ContextInputView.swift in Sources */,
				60E4523AE77CBAA3D7CBFAC18B96AFA0 /* DateFormatter_extension.swift in Sources */,
				C2B8D816C9352CE2F26797736CF57F0A /* Detection.swift in Sources */,
				4F9A17730D7F7D5EDF5E80AA6628BCBE /* Emo.xcdatamodeld in Sources */,
				5AAF5AE05E10FA48CC14ED4D2C1A0080 /* EmojiInputView.swift in Sources */,
				68005711738DA50C432BCF71535F53D7 /* Font_extension.swift in Sources */,
				6FFBA285212BBB5E0007A554 /* MainCollectionVC_BottomViewDelegate.swift in Sources */,
				F1501B5F82D22C43BE5925F17FB21AED /* FormAttribute.swift in Sources */,
				C31F642DCF8994ACFC0315C427B4F6C4 /* GrowingTextView.swift in Sources */,
				425116209A5D8DE0A0A0BA7F43BDAB96 /* HighlightData.swift in Sources */,
				5F5970BBA03574A6A8000B2C33BABF3B /* LoadingView.swift in Sources */,
				15F28F5549D2599045A9506BD1CD38D7 /* MainCollectionVC_Action.swift in Sources */,
				D03981E773CFD36C2741E1C15598810E /* MainCollectionVC_CollectionViewDataSource.swift in Sources */,
				FF43CFD00C49CCA57C6625D2876D7E8B /* MainCollectionVC_CollectionViewDelegate.swift in Sources */,
				6BD0C92237A84F13D76AFBC12A953B01 /* MainCollectionVC_TextFieldDelegate.swift in Sources */,
				FC997B520D150CC44C001348B8D2ACA6 /* MainCollectionVC_TextViewDelegate.swift in Sources */,
				5704FD8BF41BA5E04D8EA6069BF0D41F /* MainCollectionViewController.swift in Sources */,
				F57B861227DC6189F1545AAB872DDDA3 /* NSManagedObjectContext_extension.swift in Sources */,
				FCF2EEC7CD3A3BDA6596D0058B3B3E6D /* NSPersistentContainer_extension.swift in Sources */,
				717B1A63C1C97761E7FD43ECAF89415A /* NSRange_extension.swift in Sources */,
				781829494729FD3F5F29CF3A0CD6F95B /* NoteCollectionViewCell.swift in Sources */,
				3F0467F7E62F949B208BB7F4602D394B /* NoteDetailViewController.swift in Sources */,
				DAE5F941C3769C1E81F92105B3771FA1 /* NotificationView.swift in Sources */,
				924A5DFE9A0ECB0A3CDE7E2B5A331EEC /* PasteboardManager.swift in Sources */,
				EDA9C90074010043C46ADB921BEA1431 /* PhotoCollectionViewCell.swift in Sources */,
				B0CE6EC774D7B02BD3531011AB4353CE /* PianoBullet.swift in Sources */,
				14D4903118275D1CAA3A654496AB30B2 /* ReminderCollectionViewCell.swift in Sources */,
				8F40BCFE6CC27C87028347918DF6D522 /* ReminderDatasource.swift in Sources */,
				DF248695B160914830DC619211068851 /* ReminderRecommandTableViewCell.swift in Sources */,
				227E0505B99C1A2E70DFC98523FF7AEB /* StoreService.swift in Sources */,
				F51AFCAF70500FF8B1E3E8BA66742AD9 /* String_extension.swift in Sources */,
				5B78CA842F60EF9215F34EA571B7D3FE /* TableViewAutoSystemProtocol.swift in Sources */,
				4CA61BE67E3A4F257644306236236149 /* ThemeManager.swift in Sources */,
				FD7828305BBF29D2A44F9256EAAA60BE /* TitleView.swift in Sources */,
				F0AF5597B062017A954F80A82289D14C /* UINavigationController_extension.swift in Sources */,
				C7B12DE7A4A1015AA9B5909F056C2E8D /* UITextView_extension.swift in Sources */,
				D3946496D3976DD501B118F8D8A90587 /* UnicodeScalar_extension.swift in Sources */,
				44FC8597B5798A1DC1B3A3EE686365CA /* View_extension.swift in Sources */,
				85C5E978B088D777CEFFD61B5B2D60FD /* iOS.swift in Sources */,
			);
			runOnlyForDeploymentPostprocessing = 0;
		};
/* End PBXSourcesBuildPhase section */

/* Begin PBXTargetDependency section */
		6FFBA290212BBC1B0007A554 /* PBXTargetDependency */ = {
			isa = PBXTargetDependency;
			target = 01A51839F3C9E75118429E853EC91F35 /* Emo */;
			targetProxy = 6FFBA28F212BBC1B0007A554 /* PBXContainerItemProxy */;
		};
/* End PBXTargetDependency section */

/* Begin PBXVariantGroup section */
		309D050B523DE66E1EF8FFD541330B98 /* LaunchScreen.storyboard */ = {
			isa = PBXVariantGroup;
			children = (
				B6AA87592CE6588FFD9D9F1DAE992D6A /* Base */,
			);
			name = LaunchScreen.storyboard;
			sourceTree = "<group>";
		};
		8155EF4BE7AAE5948C1B98B54456C9A2 /* Main.storyboard */ = {
			isa = PBXVariantGroup;
			children = (
				0DC1FAB700384EE595522C290F6AAC6F /* Base */,
			);
			name = Main.storyboard;
			sourceTree = "<group>";
		};
/* End PBXVariantGroup section */

/* Begin XCBuildConfiguration section */
		220E4E412462DCDC425CC55497DE8D5D /* Debug */ = {
			isa = XCBuildConfiguration;
			buildSettings = {
				ASSETCATALOG_COMPILER_APPICON_NAME = AppIcon;
				CODE_SIGN_STYLE = Automatic;
				DEVELOPMENT_TEAM = U9KHV9D7LV;
				INFOPLIST_FILE = "$(SRCROOT)/Emo/Info.plist";
				IPHONEOS_DEPLOYMENT_TARGET = 11.0;
				LD_RUNPATH_SEARCH_PATHS = (
					"$(inherited)",
					"@executable_path/Frameworks",
				);
				PRODUCT_BUNDLE_IDENTIFIER = Piano.Emo;
				PRODUCT_NAME = "$(TARGET_NAME)";
				SWIFT_VERSION = 4.0;
				TARGETED_DEVICE_FAMILY = "1,2";
			};
			name = Debug;
		};
		5645F5B43A463001C67EB22B69DFD8DE /* Release */ = {
			isa = XCBuildConfiguration;
			buildSettings = {
				ALWAYS_SEARCH_USER_PATHS = NO;
				CLANG_ANALYZER_NONNULL = YES;
				CLANG_ANALYZER_NUMBER_OBJECT_CONVERSION = YES_AGGRESSIVE;
				CLANG_CXX_LANGUAGE_STANDARD = "gnu++14";
				CLANG_CXX_LIBRARY = "libc++";
				CLANG_ENABLE_MODULES = YES;
				CLANG_ENABLE_OBJC_ARC = YES;
				CLANG_ENABLE_OBJC_WEAK = YES;
				CLANG_WARN_BLOCK_CAPTURE_AUTORELEASING = YES;
				CLANG_WARN_BOOL_CONVERSION = YES;
				CLANG_WARN_COMMA = YES;
				CLANG_WARN_CONSTANT_CONVERSION = YES;
				CLANG_WARN_DEPRECATED_OBJC_IMPLEMENTATIONS = YES;
				CLANG_WARN_DIRECT_OBJC_ISA_USAGE = YES_ERROR;
				CLANG_WARN_DOCUMENTATION_COMMENTS = YES;
				CLANG_WARN_EMPTY_BODY = YES;
				CLANG_WARN_ENUM_CONVERSION = YES;
				CLANG_WARN_INFINITE_RECURSION = YES;
				CLANG_WARN_INT_CONVERSION = YES;
				CLANG_WARN_NON_LITERAL_NULL_CONVERSION = YES;
				CLANG_WARN_OBJC_IMPLICIT_RETAIN_SELF = YES;
				CLANG_WARN_OBJC_LITERAL_CONVERSION = YES;
				CLANG_WARN_OBJC_ROOT_CLASS = YES_ERROR;
				CLANG_WARN_RANGE_LOOP_ANALYSIS = YES;
				CLANG_WARN_STRICT_PROTOTYPES = YES;
				CLANG_WARN_SUSPICIOUS_MOVE = YES;
				CLANG_WARN_UNGUARDED_AVAILABILITY = YES_AGGRESSIVE;
				CLANG_WARN_UNREACHABLE_CODE = YES;
				CLANG_WARN__DUPLICATE_METHOD_MATCH = YES;
				CODE_SIGN_IDENTITY = "iPhone Developer";
				COPY_PHASE_STRIP = NO;
				DEBUG_INFORMATION_FORMAT = "dwarf-with-dsym";
				ENABLE_NS_ASSERTIONS = NO;
				ENABLE_STRICT_OBJC_MSGSEND = YES;
				GCC_C_LANGUAGE_STANDARD = gnu11;
				GCC_NO_COMMON_BLOCKS = YES;
				GCC_WARN_64_TO_32_BIT_CONVERSION = YES;
				GCC_WARN_ABOUT_RETURN_TYPE = YES_ERROR;
				GCC_WARN_UNDECLARED_SELECTOR = YES;
				GCC_WARN_UNINITIALIZED_AUTOS = YES_AGGRESSIVE;
				GCC_WARN_UNUSED_FUNCTION = YES;
				GCC_WARN_UNUSED_VARIABLE = YES;
				IPHONEOS_DEPLOYMENT_TARGET = 11.4;
				MTL_ENABLE_DEBUG_INFO = NO;
				SDKROOT = iphoneos;
				SWIFT_COMPILATION_MODE = wholemodule;
				SWIFT_OPTIMIZATION_LEVEL = "-O";
				VALIDATE_PRODUCT = YES;
			};
			name = Release;
		};
		6FFBA292212BBC1B0007A554 /* Debug */ = {
			isa = XCBuildConfiguration;
			buildSettings = {
				BUNDLE_LOADER = "$(TEST_HOST)";
				CODE_SIGN_STYLE = Automatic;
				DEVELOPMENT_TEAM = U9KHV9D7LV;
				INFOPLIST_FILE = EmoTests/Info.plist;
				LD_RUNPATH_SEARCH_PATHS = (
					"$(inherited)",
					"@executable_path/Frameworks",
					"@loader_path/Frameworks",
				);
				PRODUCT_BUNDLE_IDENTIFIER = Piano.EmoTests;
				PRODUCT_NAME = "$(TARGET_NAME)";
				SWIFT_VERSION = 4.0;
				TARGETED_DEVICE_FAMILY = "1,2";
				TEST_HOST = "$(BUILT_PRODUCTS_DIR)/Emo.app/Emo";
			};
			name = Debug;
		};
		6FFBA293212BBC1B0007A554 /* Release */ = {
			isa = XCBuildConfiguration;
			buildSettings = {
				BUNDLE_LOADER = "$(TEST_HOST)";
				CODE_SIGN_STYLE = Automatic;
				DEVELOPMENT_TEAM = U9KHV9D7LV;
				INFOPLIST_FILE = EmoTests/Info.plist;
				LD_RUNPATH_SEARCH_PATHS = (
					"$(inherited)",
					"@executable_path/Frameworks",
					"@loader_path/Frameworks",
				);
				PRODUCT_BUNDLE_IDENTIFIER = Piano.EmoTests;
				PRODUCT_NAME = "$(TARGET_NAME)";
				SWIFT_VERSION = 4.0;
				TARGETED_DEVICE_FAMILY = "1,2";
				TEST_HOST = "$(BUILT_PRODUCTS_DIR)/Emo.app/Emo";
			};
			name = Release;
		};
		7ADB5855EBF3D745501F9C1605CB3EC2 /* Release */ = {
			isa = XCBuildConfiguration;
			buildSettings = {
				ASSETCATALOG_COMPILER_APPICON_NAME = AppIcon;
				CODE_SIGN_STYLE = Automatic;
				DEVELOPMENT_TEAM = U9KHV9D7LV;
				INFOPLIST_FILE = "$(SRCROOT)/Emo/Info.plist";
				IPHONEOS_DEPLOYMENT_TARGET = 11.0;
				LD_RUNPATH_SEARCH_PATHS = (
					"$(inherited)",
					"@executable_path/Frameworks",
				);
				PRODUCT_BUNDLE_IDENTIFIER = Piano.Emo;
				PRODUCT_NAME = "$(TARGET_NAME)";
				SWIFT_VERSION = 4.0;
				TARGETED_DEVICE_FAMILY = "1,2";
			};
			name = Release;
		};
		A9383D19769D3E29A134B494D39B8254 /* Debug */ = {
			isa = XCBuildConfiguration;
			buildSettings = {
				ALWAYS_SEARCH_USER_PATHS = NO;
				CLANG_ANALYZER_NONNULL = YES;
				CLANG_ANALYZER_NUMBER_OBJECT_CONVERSION = YES_AGGRESSIVE;
				CLANG_CXX_LANGUAGE_STANDARD = "gnu++14";
				CLANG_CXX_LIBRARY = "libc++";
				CLANG_ENABLE_MODULES = YES;
				CLANG_ENABLE_OBJC_ARC = YES;
				CLANG_ENABLE_OBJC_WEAK = YES;
				CLANG_WARN_BLOCK_CAPTURE_AUTORELEASING = YES;
				CLANG_WARN_BOOL_CONVERSION = YES;
				CLANG_WARN_COMMA = YES;
				CLANG_WARN_CONSTANT_CONVERSION = YES;
				CLANG_WARN_DEPRECATED_OBJC_IMPLEMENTATIONS = YES;
				CLANG_WARN_DIRECT_OBJC_ISA_USAGE = YES_ERROR;
				CLANG_WARN_DOCUMENTATION_COMMENTS = YES;
				CLANG_WARN_EMPTY_BODY = YES;
				CLANG_WARN_ENUM_CONVERSION = YES;
				CLANG_WARN_INFINITE_RECURSION = YES;
				CLANG_WARN_INT_CONVERSION = YES;
				CLANG_WARN_NON_LITERAL_NULL_CONVERSION = YES;
				CLANG_WARN_OBJC_IMPLICIT_RETAIN_SELF = YES;
				CLANG_WARN_OBJC_LITERAL_CONVERSION = YES;
				CLANG_WARN_OBJC_ROOT_CLASS = YES_ERROR;
				CLANG_WARN_RANGE_LOOP_ANALYSIS = YES;
				CLANG_WARN_STRICT_PROTOTYPES = YES;
				CLANG_WARN_SUSPICIOUS_MOVE = YES;
				CLANG_WARN_UNGUARDED_AVAILABILITY = YES_AGGRESSIVE;
				CLANG_WARN_UNREACHABLE_CODE = YES;
				CLANG_WARN__DUPLICATE_METHOD_MATCH = YES;
				CODE_SIGN_IDENTITY = "iPhone Developer";
				COPY_PHASE_STRIP = NO;
				DEBUG_INFORMATION_FORMAT = dwarf;
				ENABLE_STRICT_OBJC_MSGSEND = YES;
				ENABLE_TESTABILITY = YES;
				GCC_C_LANGUAGE_STANDARD = gnu11;
				GCC_DYNAMIC_NO_PIC = NO;
				GCC_NO_COMMON_BLOCKS = YES;
				GCC_OPTIMIZATION_LEVEL = 0;
				GCC_PREPROCESSOR_DEFINITIONS = (
					"DEBUG=1",
					"$(inherited)",
				);
				GCC_WARN_64_TO_32_BIT_CONVERSION = YES;
				GCC_WARN_ABOUT_RETURN_TYPE = YES_ERROR;
				GCC_WARN_UNDECLARED_SELECTOR = YES;
				GCC_WARN_UNINITIALIZED_AUTOS = YES_AGGRESSIVE;
				GCC_WARN_UNUSED_FUNCTION = YES;
				GCC_WARN_UNUSED_VARIABLE = YES;
				IPHONEOS_DEPLOYMENT_TARGET = 11.4;
				MTL_ENABLE_DEBUG_INFO = YES;
				ONLY_ACTIVE_ARCH = YES;
				SDKROOT = iphoneos;
				SWIFT_ACTIVE_COMPILATION_CONDITIONS = DEBUG;
				SWIFT_OPTIMIZATION_LEVEL = "-Onone";
			};
			name = Debug;
		};
/* End XCBuildConfiguration section */

/* Begin XCConfigurationList section */
		070808F8361BF2BC79E59C01979D20E9 /* Build configuration list for PBXNativeTarget "Emo" */ = {
			isa = XCConfigurationList;
			buildConfigurations = (
				220E4E412462DCDC425CC55497DE8D5D /* Debug */,
				7ADB5855EBF3D745501F9C1605CB3EC2 /* Release */,
			);
			defaultConfigurationIsVisible = 0;
			defaultConfigurationName = Release;
		};
		6FFBA291212BBC1B0007A554 /* Build configuration list for PBXNativeTarget "EmoTests" */ = {
			isa = XCConfigurationList;
			buildConfigurations = (
				6FFBA292212BBC1B0007A554 /* Debug */,
				6FFBA293212BBC1B0007A554 /* Release */,
			);
			defaultConfigurationIsVisible = 0;
			defaultConfigurationName = Release;
		};
		84657721AAAB89A4259C0396EC9ADFD0 /* Build configuration list for PBXProject "Emo" */ = {
			isa = XCConfigurationList;
			buildConfigurations = (
				A9383D19769D3E29A134B494D39B8254 /* Debug */,
				5645F5B43A463001C67EB22B69DFD8DE /* Release */,
			);
			defaultConfigurationIsVisible = 0;
			defaultConfigurationName = Release;
		};
/* End XCConfigurationList section */

/* Begin XCVersionGroup section */
		CDE1E686450B01BAFCD099305ADDD471 /* Emo.xcdatamodeld */ = {
			isa = XCVersionGroup;
			children = (
				299DD96092ACDBBC9D94FF8CA0890A97 /* Piano.xcdatamodel */,
			);
			currentVersion = 299DD96092ACDBBC9D94FF8CA0890A97 /* Piano.xcdatamodel */;
			path = Emo.xcdatamodeld;
			sourceTree = "<group>";
			versionGroupType = wrapper.xcdatamodel;
		};
/* End XCVersionGroup section */
	};
	rootObject = 80E9A0265AC1DCC096E39FD22DD1A9D1 /* Project object */;
}
